// !$*UTF8*$!
{
	archiveVersion = 1;
	classes = {
	};
	objectVersion = 46;
	objects = {

/* Begin PBXBuildFile section */
		5A2263C814B1FB190078EBEF /* UIKit.framework in Frameworks */ = {isa = PBXBuildFile; fileRef = 5A2263C714B1FB190078EBEF /* UIKit.framework */; };
		5A2263CA14B1FB190078EBEF /* Foundation.framework in Frameworks */ = {isa = PBXBuildFile; fileRef = 5A2263C914B1FB190078EBEF /* Foundation.framework */; };
		5A2263CC14B1FB190078EBEF /* CoreGraphics.framework in Frameworks */ = {isa = PBXBuildFile; fileRef = 5A2263CB14B1FB190078EBEF /* CoreGraphics.framework */; };
		5A2263D214B1FB190078EBEF /* InfoPlist.strings in Resources */ = {isa = PBXBuildFile; fileRef = 5A2263D014B1FB190078EBEF /* InfoPlist.strings */; };
		5A2263D414B1FB190078EBEF /* main.m in Sources */ = {isa = PBXBuildFile; fileRef = 5A2263D314B1FB190078EBEF /* main.m */; };
		5A2263D814B1FB190078EBEF /* AppDelegate.mm in Sources */ = {isa = PBXBuildFile; fileRef = 5A2263D714B1FB190078EBEF /* AppDelegate.mm */; };
		5A2263DB14B1FB190078EBEF /* ViewController.mm in Sources */ = {isa = PBXBuildFile; fileRef = 5A2263DA14B1FB190078EBEF /* ViewController.mm */; };
		5A2263DE14B1FB190078EBEF /* ViewController.xib in Resources */ = {isa = PBXBuildFile; fileRef = 5A2263DC14B1FB190078EBEF /* ViewController.xib */; };
		5A2263E714B312680078EBEF /* OverlayView.m in Sources */ = {isa = PBXBuildFile; fileRef = 5A2263E614B312680078EBEF /* OverlayView.m */; };
		5A2263EE14B313620078EBEF /* UIImage+Alpha.m in Sources */ = {isa = PBXBuildFile; fileRef = 5A2263E914B313620078EBEF /* UIImage+Alpha.m */; };
		5A2263EF14B313620078EBEF /* UIImage+Resize.m in Sources */ = {isa = PBXBuildFile; fileRef = 5A2263EB14B313620078EBEF /* UIImage+Resize.m */; };
		5A2263F014B313620078EBEF /* UIImage+RoundedCorner.m in Sources */ = {isa = PBXBuildFile; fileRef = 5A2263ED14B313620078EBEF /* UIImage+RoundedCorner.m */; };
		5A2263F314B3153E0078EBEF /* MBProgressHUD.m in Sources */ = {isa = PBXBuildFile; fileRef = 5A2263F214B3153E0078EBEF /* MBProgressHUD.m */; };
		5A22645914B32DE60078EBEF /* liblept.a in Frameworks */ = {isa = PBXBuildFile; fileRef = 5A22645714B32DE60078EBEF /* liblept.a */; };
		5A22645A14B32DE60078EBEF /* libtesseract_all.a in Frameworks */ = {isa = PBXBuildFile; fileRef = 5A22645814B32DE60078EBEF /* libtesseract_all.a */; };
		5A4766E014B5DCFD00D8FA66 /* VideoViewController.m in Sources */ = {isa = PBXBuildFile; fileRef = 5A4766DE14B5DCFD00D8FA66 /* VideoViewController.m */; };
		5A4766E114B5DCFD00D8FA66 /* VideoViewController.xib in Resources */ = {isa = PBXBuildFile; fileRef = 5A4766DF14B5DCFD00D8FA66 /* VideoViewController.xib */; };
		5A4766E414B5E0F900D8FA66 /* AVFoundation.framework in Frameworks */ = {isa = PBXBuildFile; fileRef = 5A4766E314B5E0F900D8FA66 /* AVFoundation.framework */; };
		5A7B0EA914B45666000314C0 /* tessdata in Resources */ = {isa = PBXBuildFile; fileRef = 5A7B0EA814B45666000314C0 /* tessdata */; };
		5A7B0EAD14B470BB000314C0 /* SettingsViewController.m in Sources */ = {isa = PBXBuildFile; fileRef = 5A7B0EAB14B470BB000314C0 /* SettingsViewController.m */; };
		5A7B0EAE14B470BB000314C0 /* SettingsViewController.xib in Resources */ = {isa = PBXBuildFile; fileRef = 5A7B0EAC14B470BB000314C0 /* SettingsViewController.xib */; };
		5A7B0EB214B47315000314C0 /* 14-gear.png in Resources */ = {isa = PBXBuildFile; fileRef = 5A7B0EB014B47315000314C0 /* 14-gear.png */; };
		5A7B0EB314B47315000314C0 /* 14-gear@2x.png in Resources */ = {isa = PBXBuildFile; fileRef = 5A7B0EB114B47315000314C0 /* 14-gear@2x.png */; };
/* End PBXBuildFile section */

/* Begin PBXFileReference section */
		5A2263C314B1FB190078EBEF /* Sinma.app */ = {isa = PBXFileReference; explicitFileType = wrapper.application; includeInIndex = 0; path = Sinma.app; sourceTree = BUILT_PRODUCTS_DIR; };
		5A2263C714B1FB190078EBEF /* UIKit.framework */ = {isa = PBXFileReference; lastKnownFileType = wrapper.framework; name = UIKit.framework; path = System/Library/Frameworks/UIKit.framework; sourceTree = SDKROOT; };
		5A2263C914B1FB190078EBEF /* Foundation.framework */ = {isa = PBXFileReference; lastKnownFileType = wrapper.framework; name = Foundation.framework; path = System/Library/Frameworks/Foundation.framework; sourceTree = SDKROOT; };
		5A2263CB14B1FB190078EBEF /* CoreGraphics.framework */ = {isa = PBXFileReference; lastKnownFileType = wrapper.framework; name = CoreGraphics.framework; path = System/Library/Frameworks/CoreGraphics.framework; sourceTree = SDKROOT; };
		5A2263CF14B1FB190078EBEF /* Sinma-Info.plist */ = {isa = PBXFileReference; lastKnownFileType = text.plist.xml; path = "Sinma-Info.plist"; sourceTree = "<group>"; };
		5A2263D114B1FB190078EBEF /* en */ = {isa = PBXFileReference; lastKnownFileType = text.plist.strings; name = en; path = en.lproj/InfoPlist.strings; sourceTree = "<group>"; };
		5A2263D314B1FB190078EBEF /* main.m */ = {isa = PBXFileReference; lastKnownFileType = sourcecode.c.objc; path = main.m; sourceTree = "<group>"; };
		5A2263D514B1FB190078EBEF /* Sinma-Prefix.pch */ = {isa = PBXFileReference; lastKnownFileType = sourcecode.c.h; path = "Sinma-Prefix.pch"; sourceTree = "<group>"; };
		5A2263D614B1FB190078EBEF /* AppDelegate.h */ = {isa = PBXFileReference; lastKnownFileType = sourcecode.c.h; path = AppDelegate.h; sourceTree = "<group>"; };
		5A2263D714B1FB190078EBEF /* AppDelegate.mm */ = {isa = PBXFileReference; lastKnownFileType = sourcecode.cpp.objcpp; path = AppDelegate.mm; sourceTree = "<group>"; };
		5A2263D914B1FB190078EBEF /* ViewController.h */ = {isa = PBXFileReference; lastKnownFileType = sourcecode.c.h; path = ViewController.h; sourceTree = "<group>"; };
		5A2263DA14B1FB190078EBEF /* ViewController.mm */ = {isa = PBXFileReference; lastKnownFileType = sourcecode.cpp.objcpp; path = ViewController.mm; sourceTree = "<group>"; };
		5A2263DD14B1FB190078EBEF /* en */ = {isa = PBXFileReference; lastKnownFileType = file.xib; name = en; path = en.lproj/ViewController.xib; sourceTree = "<group>"; };
		5A2263E514B312680078EBEF /* OverlayView.h */ = {isa = PBXFileReference; fileEncoding = 4; lastKnownFileType = sourcecode.c.h; path = OverlayView.h; sourceTree = "<group>"; };
		5A2263E614B312680078EBEF /* OverlayView.m */ = {isa = PBXFileReference; fileEncoding = 4; lastKnownFileType = sourcecode.c.objc; path = OverlayView.m; sourceTree = "<group>"; };
		5A2263E814B313620078EBEF /* UIImage+Alpha.h */ = {isa = PBXFileReference; fileEncoding = 4; lastKnownFileType = sourcecode.c.h; path = "UIImage+Alpha.h"; sourceTree = "<group>"; };
		5A2263E914B313620078EBEF /* UIImage+Alpha.m */ = {isa = PBXFileReference; fileEncoding = 4; lastKnownFileType = sourcecode.c.objc; path = "UIImage+Alpha.m"; sourceTree = "<group>"; };
		5A2263EA14B313620078EBEF /* UIImage+Resize.h */ = {isa = PBXFileReference; fileEncoding = 4; lastKnownFileType = sourcecode.c.h; path = "UIImage+Resize.h"; sourceTree = "<group>"; };
		5A2263EB14B313620078EBEF /* UIImage+Resize.m */ = {isa = PBXFileReference; fileEncoding = 4; lastKnownFileType = sourcecode.c.objc; path = "UIImage+Resize.m"; sourceTree = "<group>"; };
		5A2263EC14B313620078EBEF /* UIImage+RoundedCorner.h */ = {isa = PBXFileReference; fileEncoding = 4; lastKnownFileType = sourcecode.c.h; path = "UIImage+RoundedCorner.h"; sourceTree = "<group>"; };
		5A2263ED14B313620078EBEF /* UIImage+RoundedCorner.m */ = {isa = PBXFileReference; fileEncoding = 4; lastKnownFileType = sourcecode.c.objc; path = "UIImage+RoundedCorner.m"; sourceTree = "<group>"; };
		5A2263F114B3153E0078EBEF /* MBProgressHUD.h */ = {isa = PBXFileReference; fileEncoding = 4; lastKnownFileType = sourcecode.c.h; path = MBProgressHUD.h; sourceTree = "<group>"; };
		5A2263F214B3153E0078EBEF /* MBProgressHUD.m */ = {isa = PBXFileReference; fileEncoding = 4; lastKnownFileType = sourcecode.c.objc; path = MBProgressHUD.m; sourceTree = "<group>"; };
		5A22642E14B32DB10078EBEF /* allheaders.h */ = {isa = PBXFileReference; fileEncoding = 4; lastKnownFileType = sourcecode.c.h; name = allheaders.h; path = Tesseract/include/leptonica/allheaders.h; sourceTree = SOURCE_ROOT; };
		5A22642F14B32DB10078EBEF /* alltypes.h */ = {isa = PBXFileReference; fileEncoding = 4; lastKnownFileType = sourcecode.c.h; name = alltypes.h; path = Tesseract/include/leptonica/alltypes.h; sourceTree = SOURCE_ROOT; };
		5A22643014B32DB10078EBEF /* array.h */ = {isa = PBXFileReference; fileEncoding = 4; lastKnownFileType = sourcecode.c.h; name = array.h; path = Tesseract/include/leptonica/array.h; sourceTree = SOURCE_ROOT; };
		5A22643114B32DB10078EBEF /* arrayaccess.h */ = {isa = PBXFileReference; fileEncoding = 4; lastKnownFileType = sourcecode.c.h; name = arrayaccess.h; path = Tesseract/include/leptonica/arrayaccess.h; sourceTree = SOURCE_ROOT; };
		5A22643214B32DB10078EBEF /* bbuffer.h */ = {isa = PBXFileReference; fileEncoding = 4; lastKnownFileType = sourcecode.c.h; name = bbuffer.h; path = Tesseract/include/leptonica/bbuffer.h; sourceTree = SOURCE_ROOT; };
		5A22643314B32DB10078EBEF /* bmf.h */ = {isa = PBXFileReference; fileEncoding = 4; lastKnownFileType = sourcecode.c.h; name = bmf.h; path = Tesseract/include/leptonica/bmf.h; sourceTree = SOURCE_ROOT; };
		5A22643414B32DB10078EBEF /* bmp.h */ = {isa = PBXFileReference; fileEncoding = 4; lastKnownFileType = sourcecode.c.h; name = bmp.h; path = Tesseract/include/leptonica/bmp.h; sourceTree = SOURCE_ROOT; };
		5A22643514B32DB10078EBEF /* ccbord.h */ = {isa = PBXFileReference; fileEncoding = 4; lastKnownFileType = sourcecode.c.h; name = ccbord.h; path = Tesseract/include/leptonica/ccbord.h; sourceTree = SOURCE_ROOT; };
		5A22643614B32DB10078EBEF /* dewarp.h */ = {isa = PBXFileReference; fileEncoding = 4; lastKnownFileType = sourcecode.c.h; name = dewarp.h; path = Tesseract/include/leptonica/dewarp.h; sourceTree = SOURCE_ROOT; };
		5A22643714B32DB10078EBEF /* endianness.h */ = {isa = PBXFileReference; fileEncoding = 4; lastKnownFileType = sourcecode.c.h; name = endianness.h; path = Tesseract/include/leptonica/endianness.h; sourceTree = SOURCE_ROOT; };
		5A22643814B32DB10078EBEF /* environ.h */ = {isa = PBXFileReference; fileEncoding = 4; lastKnownFileType = sourcecode.c.h; name = environ.h; path = Tesseract/include/leptonica/environ.h; sourceTree = SOURCE_ROOT; };
		5A22643914B32DB10078EBEF /* freetype.h */ = {isa = PBXFileReference; fileEncoding = 4; lastKnownFileType = sourcecode.c.h; name = freetype.h; path = Tesseract/include/leptonica/freetype.h; sourceTree = SOURCE_ROOT; };
		5A22643A14B32DB10078EBEF /* gplot.h */ = {isa = PBXFileReference; fileEncoding = 4; lastKnownFileType = sourcecode.c.h; name = gplot.h; path = Tesseract/include/leptonica/gplot.h; sourceTree = SOURCE_ROOT; };
		5A22643B14B32DB10078EBEF /* heap.h */ = {isa = PBXFileReference; fileEncoding = 4; lastKnownFileType = sourcecode.c.h; name = heap.h; path = Tesseract/include/leptonica/heap.h; sourceTree = SOURCE_ROOT; };
		5A22643C14B32DB10078EBEF /* imageio.h */ = {isa = PBXFileReference; fileEncoding = 4; lastKnownFileType = sourcecode.c.h; name = imageio.h; path = Tesseract/include/leptonica/imageio.h; sourceTree = SOURCE_ROOT; };
		5A22643D14B32DB10078EBEF /* jbclass.h */ = {isa = PBXFileReference; fileEncoding = 4; lastKnownFileType = sourcecode.c.h; name = jbclass.h; path = Tesseract/include/leptonica/jbclass.h; sourceTree = SOURCE_ROOT; };
		5A22643E14B32DB10078EBEF /* leptprotos.h */ = {isa = PBXFileReference; fileEncoding = 4; lastKnownFileType = sourcecode.c.h; name = leptprotos.h; path = Tesseract/include/leptonica/leptprotos.h; sourceTree = SOURCE_ROOT; };
		5A22643F14B32DB10078EBEF /* leptwin.h */ = {isa = PBXFileReference; fileEncoding = 4; lastKnownFileType = sourcecode.c.h; name = leptwin.h; path = Tesseract/include/leptonica/leptwin.h; sourceTree = SOURCE_ROOT; };
		5A22644014B32DB10078EBEF /* list.h */ = {isa = PBXFileReference; fileEncoding = 4; lastKnownFileType = sourcecode.c.h; name = list.h; path = Tesseract/include/leptonica/list.h; sourceTree = SOURCE_ROOT; };
		5A22644114B32DB10078EBEF /* morph.h */ = {isa = PBXFileReference; fileEncoding = 4; lastKnownFileType = sourcecode.c.h; name = morph.h; path = Tesseract/include/leptonica/morph.h; sourceTree = SOURCE_ROOT; };
		5A22644214B32DB10078EBEF /* pix.h */ = {isa = PBXFileReference; fileEncoding = 4; lastKnownFileType = sourcecode.c.h; name = pix.h; path = Tesseract/include/leptonica/pix.h; sourceTree = SOURCE_ROOT; };
		5A22644314B32DB10078EBEF /* ptra.h */ = {isa = PBXFileReference; fileEncoding = 4; lastKnownFileType = sourcecode.c.h; name = ptra.h; path = Tesseract/include/leptonica/ptra.h; sourceTree = SOURCE_ROOT; };
		5A22644414B32DB10078EBEF /* queue.h */ = {isa = PBXFileReference; fileEncoding = 4; lastKnownFileType = sourcecode.c.h; name = queue.h; path = Tesseract/include/leptonica/queue.h; sourceTree = SOURCE_ROOT; };
		5A22644514B32DB10078EBEF /* readbarcode.h */ = {isa = PBXFileReference; fileEncoding = 4; lastKnownFileType = sourcecode.c.h; name = readbarcode.h; path = Tesseract/include/leptonica/readbarcode.h; sourceTree = SOURCE_ROOT; };
		5A22644614B32DB10078EBEF /* regutils.h */ = {isa = PBXFileReference; fileEncoding = 4; lastKnownFileType = sourcecode.c.h; name = regutils.h; path = Tesseract/include/leptonica/regutils.h; sourceTree = SOURCE_ROOT; };
		5A22644714B32DB10078EBEF /* stack.h */ = {isa = PBXFileReference; fileEncoding = 4; lastKnownFileType = sourcecode.c.h; name = stack.h; path = Tesseract/include/leptonica/stack.h; sourceTree = SOURCE_ROOT; };
		5A22644814B32DB10078EBEF /* sudoku.h */ = {isa = PBXFileReference; fileEncoding = 4; lastKnownFileType = sourcecode.c.h; name = sudoku.h; path = Tesseract/include/leptonica/sudoku.h; sourceTree = SOURCE_ROOT; };
		5A22644914B32DB10078EBEF /* watershed.h */ = {isa = PBXFileReference; fileEncoding = 4; lastKnownFileType = sourcecode.c.h; name = watershed.h; path = Tesseract/include/leptonica/watershed.h; sourceTree = SOURCE_ROOT; };
		5A22644A14B32DCB0078EBEF /* apitypes.h */ = {isa = PBXFileReference; fileEncoding = 4; lastKnownFileType = sourcecode.c.h; name = apitypes.h; path = Tesseract/include/tesseract/apitypes.h; sourceTree = SOURCE_ROOT; };
		5A22644B14B32DCB0078EBEF /* baseapi.h */ = {isa = PBXFileReference; fileEncoding = 4; lastKnownFileType = sourcecode.c.h; name = baseapi.h; path = Tesseract/include/tesseract/baseapi.h; sourceTree = SOURCE_ROOT; };
		5A22644C14B32DCB0078EBEF /* errcode.h */ = {isa = PBXFileReference; fileEncoding = 4; lastKnownFileType = sourcecode.c.h; name = errcode.h; path = Tesseract/include/tesseract/errcode.h; sourceTree = SOURCE_ROOT; };
		5A22644D14B32DCB0078EBEF /* genericvector.h */ = {isa = PBXFileReference; fileEncoding = 4; lastKnownFileType = sourcecode.c.h; name = genericvector.h; path = Tesseract/include/tesseract/genericvector.h; sourceTree = SOURCE_ROOT; };
		5A22644E14B32DCB0078EBEF /* helpers.h */ = {isa = PBXFileReference; fileEncoding = 4; lastKnownFileType = sourcecode.c.h; name = helpers.h; path = Tesseract/include/tesseract/helpers.h; sourceTree = SOURCE_ROOT; };
		5A22644F14B32DCB0078EBEF /* host.h */ = {isa = PBXFileReference; fileEncoding = 4; lastKnownFileType = sourcecode.c.h; name = host.h; path = Tesseract/include/tesseract/host.h; sourceTree = SOURCE_ROOT; };
		5A22645014B32DCB0078EBEF /* ndminx.h */ = {isa = PBXFileReference; fileEncoding = 4; lastKnownFileType = sourcecode.c.h; name = ndminx.h; path = Tesseract/include/tesseract/ndminx.h; sourceTree = SOURCE_ROOT; };
		5A22645114B32DCB0078EBEF /* ocrclass.h */ = {isa = PBXFileReference; fileEncoding = 4; lastKnownFileType = sourcecode.c.h; name = ocrclass.h; path = Tesseract/include/tesseract/ocrclass.h; sourceTree = SOURCE_ROOT; };
		5A22645214B32DCB0078EBEF /* platform.h */ = {isa = PBXFileReference; fileEncoding = 4; lastKnownFileType = sourcecode.c.h; name = platform.h; path = Tesseract/include/tesseract/platform.h; sourceTree = SOURCE_ROOT; };
		5A22645314B32DCB0078EBEF /* publictypes.h */ = {isa = PBXFileReference; fileEncoding = 4; lastKnownFileType = sourcecode.c.h; name = publictypes.h; path = Tesseract/include/tesseract/publictypes.h; sourceTree = SOURCE_ROOT; };
		5A22645414B32DCB0078EBEF /* tesscallback.h */ = {isa = PBXFileReference; fileEncoding = 4; lastKnownFileType = sourcecode.c.h; name = tesscallback.h; path = Tesseract/include/tesseract/tesscallback.h; sourceTree = SOURCE_ROOT; };
		5A22645514B32DCB0078EBEF /* thresholder.h */ = {isa = PBXFileReference; fileEncoding = 4; lastKnownFileType = sourcecode.c.h; name = thresholder.h; path = Tesseract/include/tesseract/thresholder.h; sourceTree = SOURCE_ROOT; };
		5A22645614B32DCB0078EBEF /* unichar.h */ = {isa = PBXFileReference; fileEncoding = 4; lastKnownFileType = sourcecode.c.h; name = unichar.h; path = Tesseract/include/tesseract/unichar.h; sourceTree = SOURCE_ROOT; };
		5A22645714B32DE60078EBEF /* liblept.a */ = {isa = PBXFileReference; lastKnownFileType = archive.ar; name = liblept.a; path = ../../../Desktop/tesseract/TesseractSample/TesseractSample/build_dependencies/dependencies/lib/liblept.a; sourceTree = "<group>"; };
		5A22645814B32DE60078EBEF /* libtesseract_all.a */ = {isa = PBXFileReference; lastKnownFileType = archive.ar; name = libtesseract_all.a; path = ../../../Desktop/tesseract/TesseractSample/TesseractSample/build_dependencies/dependencies/lib/libtesseract_all.a; sourceTree = "<group>"; };
		5A4766DD14B5DCFD00D8FA66 /* VideoViewController.h */ = {isa = PBXFileReference; fileEncoding = 4; lastKnownFileType = sourcecode.c.h; path = VideoViewController.h; sourceTree = "<group>"; };
		5A4766DE14B5DCFD00D8FA66 /* VideoViewController.m */ = {isa = PBXFileReference; fileEncoding = 4; lastKnownFileType = sourcecode.c.objc; path = VideoViewController.m; sourceTree = "<group>"; };
		5A4766DF14B5DCFD00D8FA66 /* VideoViewController.xib */ = {isa = PBXFileReference; fileEncoding = 4; lastKnownFileType = file.xib; path = VideoViewController.xib; sourceTree = "<group>"; };
		5A4766E314B5E0F900D8FA66 /* AVFoundation.framework */ = {isa = PBXFileReference; lastKnownFileType = wrapper.framework; name = AVFoundation.framework; path = System/Library/Frameworks/AVFoundation.framework; sourceTree = SDKROOT; };
		5A7B0EA814B45666000314C0 /* tessdata */ = {isa = PBXFileReference; lastKnownFileType = folder; path = tessdata; sourceTree = "<group>"; };
		5A7B0EAA14B470BB000314C0 /* SettingsViewController.h */ = {isa = PBXFileReference; fileEncoding = 4; lastKnownFileType = sourcecode.c.h; path = SettingsViewController.h; sourceTree = "<group>"; };
		5A7B0EAB14B470BB000314C0 /* SettingsViewController.m */ = {isa = PBXFileReference; fileEncoding = 4; lastKnownFileType = sourcecode.c.objc; path = SettingsViewController.m; sourceTree = "<group>"; };
		5A7B0EAC14B470BB000314C0 /* SettingsViewController.xib */ = {isa = PBXFileReference; fileEncoding = 4; lastKnownFileType = file.xib; path = SettingsViewController.xib; sourceTree = "<group>"; };
		5A7B0EB014B47315000314C0 /* 14-gear.png */ = {isa = PBXFileReference; lastKnownFileType = image.png; path = "14-gear.png"; sourceTree = "<group>"; };
		5A7B0EB114B47315000314C0 /* 14-gear@2x.png */ = {isa = PBXFileReference; lastKnownFileType = image.png; path = "14-gear@2x.png"; sourceTree = "<group>"; };
/* End PBXFileReference section */

/* Begin PBXFrameworksBuildPhase section */
		5A2263C014B1FB190078EBEF /* Frameworks */ = {
			isa = PBXFrameworksBuildPhase;
			buildActionMask = 2147483647;
			files = (
				5A4766E414B5E0F900D8FA66 /* AVFoundation.framework in Frameworks */,
				5A2263C814B1FB190078EBEF /* UIKit.framework in Frameworks */,
				5A2263CA14B1FB190078EBEF /* Foundation.framework in Frameworks */,
				5A2263CC14B1FB190078EBEF /* CoreGraphics.framework in Frameworks */,
				5A22645914B32DE60078EBEF /* liblept.a in Frameworks */,
				5A22645A14B32DE60078EBEF /* libtesseract_all.a in Frameworks */,
			);
			runOnlyForDeploymentPostprocessing = 0;
		};
/* End PBXFrameworksBuildPhase section */

/* Begin PBXGroup section */
		5A2263B814B1FB190078EBEF = {
			isa = PBXGroup;
			children = (
				5A4766E314B5E0F900D8FA66 /* AVFoundation.framework */,
				5A2263CD14B1FB190078EBEF /* Sinma */,
				5A2263E414B312450078EBEF /* Other */,
				5A7B0EAF14B47315000314C0 /* Resources */,
				5A2263C614B1FB190078EBEF /* Frameworks */,
				5A2263C414B1FB190078EBEF /* Products */,
			);
			sourceTree = "<group>";
		};
		5A2263C414B1FB190078EBEF /* Products */ = {
			isa = PBXGroup;
			children = (
				5A2263C314B1FB190078EBEF /* Sinma.app */,
			);
			name = Products;
			sourceTree = "<group>";
		};
		5A2263C614B1FB190078EBEF /* Frameworks */ = {
			isa = PBXGroup;
			children = (
				5A2263C714B1FB190078EBEF /* UIKit.framework */,
				5A2263C914B1FB190078EBEF /* Foundation.framework */,
				5A2263CB14B1FB190078EBEF /* CoreGraphics.framework */,
			);
			name = Frameworks;
			sourceTree = "<group>";
		};
		5A2263CD14B1FB190078EBEF /* Sinma */ = {
			isa = PBXGroup;
			children = (
				5A2263D614B1FB190078EBEF /* AppDelegate.h */,
				5A2263D714B1FB190078EBEF /* AppDelegate.mm */,
				5A2263D914B1FB190078EBEF /* ViewController.h */,
				5A2263DA14B1FB190078EBEF /* ViewController.mm */,
				5A2263DC14B1FB190078EBEF /* ViewController.xib */,
				5A7B0EAA14B470BB000314C0 /* SettingsViewController.h */,
				5A7B0EAB14B470BB000314C0 /* SettingsViewController.m */,
				5A7B0EAC14B470BB000314C0 /* SettingsViewController.xib */,
				5A4766DD14B5DCFD00D8FA66 /* VideoViewController.h */,
				5A4766DE14B5DCFD00D8FA66 /* VideoViewController.m */,
				5A4766DF14B5DCFD00D8FA66 /* VideoViewController.xib */,
				5A2263CE14B1FB190078EBEF /* Supporting Files */,
			);
			path = Sinma;
			sourceTree = "<group>";
		};
		5A2263CE14B1FB190078EBEF /* Supporting Files */ = {
			isa = PBXGroup;
			children = (
				5A2263CF14B1FB190078EBEF /* Sinma-Info.plist */,
				5A2263D014B1FB190078EBEF /* InfoPlist.strings */,
				5A2263D314B1FB190078EBEF /* main.m */,
				5A2263D514B1FB190078EBEF /* Sinma-Prefix.pch */,
			);
			name = "Supporting Files";
			sourceTree = "<group>";
		};
		5A2263E414B312450078EBEF /* Other */ = {
			isa = PBXGroup;
			children = (
				5A7B0EA814B45666000314C0 /* tessdata */,
				5A2263F414B3174E0078EBEF /* Tesseract */,
				5A2263F114B3153E0078EBEF /* MBProgressHUD.h */,
				5A2263F214B3153E0078EBEF /* MBProgressHUD.m */,
				5A2263E814B313620078EBEF /* UIImage+Alpha.h */,
				5A2263E914B313620078EBEF /* UIImage+Alpha.m */,
				5A2263EA14B313620078EBEF /* UIImage+Resize.h */,
				5A2263EB14B313620078EBEF /* UIImage+Resize.m */,
				5A2263EC14B313620078EBEF /* UIImage+RoundedCorner.h */,
				5A2263ED14B313620078EBEF /* UIImage+RoundedCorner.m */,
				5A2263E514B312680078EBEF /* OverlayView.h */,
				5A2263E614B312680078EBEF /* OverlayView.m */,
			);
			name = Other;
			sourceTree = "<group>";
		};
		5A2263F414B3174E0078EBEF /* Tesseract */ = {
			isa = PBXGroup;
			children = (
				5A2263FD14B318540078EBEF /* include */,
				5A22642914B318540078EBEF /* lib */,
			);
			name = Tesseract;
			sourceTree = "<group>";
		};
		5A2263FD14B318540078EBEF /* include */ = {
			isa = PBXGroup;
			children = (
				5A2263FE14B318540078EBEF /* leptonica */,
				5A22641B14B318540078EBEF /* tesseract */,
			);
			path = include;
			sourceTree = "<group>";
		};
		5A2263FE14B318540078EBEF /* leptonica */ = {
			isa = PBXGroup;
			children = (
				5A22642E14B32DB10078EBEF /* allheaders.h */,
				5A22642F14B32DB10078EBEF /* alltypes.h */,
				5A22643014B32DB10078EBEF /* array.h */,
				5A22643114B32DB10078EBEF /* arrayaccess.h */,
				5A22643214B32DB10078EBEF /* bbuffer.h */,
				5A22643314B32DB10078EBEF /* bmf.h */,
				5A22643414B32DB10078EBEF /* bmp.h */,
				5A22643514B32DB10078EBEF /* ccbord.h */,
				5A22643614B32DB10078EBEF /* dewarp.h */,
				5A22643714B32DB10078EBEF /* endianness.h */,
				5A22643814B32DB10078EBEF /* environ.h */,
				5A22643914B32DB10078EBEF /* freetype.h */,
				5A22643A14B32DB10078EBEF /* gplot.h */,
				5A22643B14B32DB10078EBEF /* heap.h */,
				5A22643C14B32DB10078EBEF /* imageio.h */,
				5A22643D14B32DB10078EBEF /* jbclass.h */,
				5A22643E14B32DB10078EBEF /* leptprotos.h */,
				5A22643F14B32DB10078EBEF /* leptwin.h */,
				5A22644014B32DB10078EBEF /* list.h */,
				5A22644114B32DB10078EBEF /* morph.h */,
				5A22644214B32DB10078EBEF /* pix.h */,
				5A22644314B32DB10078EBEF /* ptra.h */,
				5A22644414B32DB10078EBEF /* queue.h */,
				5A22644514B32DB10078EBEF /* readbarcode.h */,
				5A22644614B32DB10078EBEF /* regutils.h */,
				5A22644714B32DB10078EBEF /* stack.h */,
				5A22644814B32DB10078EBEF /* sudoku.h */,
				5A22644914B32DB10078EBEF /* watershed.h */,
			);
			path = leptonica;
			sourceTree = "<group>";
		};
		5A22641B14B318540078EBEF /* tesseract */ = {
			isa = PBXGroup;
			children = (
				5A22644A14B32DCB0078EBEF /* apitypes.h */,
				5A22644B14B32DCB0078EBEF /* baseapi.h */,
				5A22644C14B32DCB0078EBEF /* errcode.h */,
				5A22644D14B32DCB0078EBEF /* genericvector.h */,
				5A22644E14B32DCB0078EBEF /* helpers.h */,
				5A22644F14B32DCB0078EBEF /* host.h */,
				5A22645014B32DCB0078EBEF /* ndminx.h */,
				5A22645114B32DCB0078EBEF /* ocrclass.h */,
				5A22645214B32DCB0078EBEF /* platform.h */,
				5A22645314B32DCB0078EBEF /* publictypes.h */,
				5A22645414B32DCB0078EBEF /* tesscallback.h */,
				5A22645514B32DCB0078EBEF /* thresholder.h */,
				5A22645614B32DCB0078EBEF /* unichar.h */,
			);
			path = tesseract;
			sourceTree = "<group>";
		};
		5A22642914B318540078EBEF /* lib */ = {
			isa = PBXGroup;
			children = (
				5A22645714B32DE60078EBEF /* liblept.a */,
				5A22645814B32DE60078EBEF /* libtesseract_all.a */,
			);
			path = lib;
			sourceTree = "<group>";
		};
		5A7B0EAF14B47315000314C0 /* Resources */ = {
			isa = PBXGroup;
			children = (
				5A7B0EB014B47315000314C0 /* 14-gear.png */,
				5A7B0EB114B47315000314C0 /* 14-gear@2x.png */,
			);
			path = Resources;
			sourceTree = "<group>";
		};
/* End PBXGroup section */

/* Begin PBXNativeTarget section */
		5A2263C214B1FB190078EBEF /* Sinma */ = {
			isa = PBXNativeTarget;
			buildConfigurationList = 5A2263E114B1FB190078EBEF /* Build configuration list for PBXNativeTarget "Sinma" */;
			buildPhases = (
				5A2263BF14B1FB190078EBEF /* Sources */,
				5A2263C014B1FB190078EBEF /* Frameworks */,
				5A2263C114B1FB190078EBEF /* Resources */,
				5A07286914B4BE790089CF6F /* ShellScript */,
			);
			buildRules = (
			);
			dependencies = (
			);
			name = Sinma;
			productName = Sinma;
			productReference = 5A2263C314B1FB190078EBEF /* Sinma.app */;
			productType = "com.apple.product-type.application";
		};
/* End PBXNativeTarget section */

/* Begin PBXProject section */
		5A2263BA14B1FB190078EBEF /* Project object */ = {
			isa = PBXProject;
			attributes = {
				LastUpgradeCheck = 0420;
				ORGANIZATIONNAME = "abstracture GmbH & Co. KG";
			};
			buildConfigurationList = 5A2263BD14B1FB190078EBEF /* Build configuration list for PBXProject "Sinma" */;
			compatibilityVersion = "Xcode 3.2";
			developmentRegion = English;
			hasScannedForEncodings = 0;
			knownRegions = (
				en,
			);
			mainGroup = 5A2263B814B1FB190078EBEF;
			productRefGroup = 5A2263C414B1FB190078EBEF /* Products */;
			projectDirPath = "";
			projectRoot = "";
			targets = (
				5A2263C214B1FB190078EBEF /* Sinma */,
			);
		};
/* End PBXProject section */

/* Begin PBXResourcesBuildPhase section */
		5A2263C114B1FB190078EBEF /* Resources */ = {
			isa = PBXResourcesBuildPhase;
			buildActionMask = 2147483647;
			files = (
				5A2263D214B1FB190078EBEF /* InfoPlist.strings in Resources */,
				5A2263DE14B1FB190078EBEF /* ViewController.xib in Resources */,
				5A7B0EA914B45666000314C0 /* tessdata in Resources */,
				5A7B0EAE14B470BB000314C0 /* SettingsViewController.xib in Resources */,
				5A7B0EB214B47315000314C0 /* 14-gear.png in Resources */,
				5A7B0EB314B47315000314C0 /* 14-gear@2x.png in Resources */,
				5A4766E114B5DCFD00D8FA66 /* VideoViewController.xib in Resources */,
			);
			runOnlyForDeploymentPostprocessing = 0;
		};
/* End PBXResourcesBuildPhase section */

/* Begin PBXShellScriptBuildPhase section */
		5A07286914B4BE790089CF6F /* ShellScript */ = {
			isa = PBXShellScriptBuildPhase;
			buildActionMask = 2147483647;
			files = (
			);
			inputPaths = (
			);
			outputPaths = (
			);
			runOnlyForDeploymentPostprocessing = 0;
			shellPath = /bin/sh;
			shellScript = "git status\nversion=$(git describe --tags --dirty)\n\n# version can be empty when there are no tags, use rev-parse in that case\n# to log the last commit id\nif [[ -z \"$version\" ]]; then\ndiff=$(git diff)\nversion=$(git rev-parse --short HEAD)\n\nif [[ -n \"$diff\" ]]; then\nversion=${version}-dirty\nfi\nfi\n\necho version: $version\n\ninfo_plist=$BUILT_PRODUCTS_DIR/$PRODUCT_NAME.app/Info.plist\n/usr/libexec/PlistBuddy -c \"Set :CFBundleVersion $version\" $info_plist";
		};
/* End PBXShellScriptBuildPhase section */

/* Begin PBXSourcesBuildPhase section */
		5A2263BF14B1FB190078EBEF /* Sources */ = {
			isa = PBXSourcesBuildPhase;
			buildActionMask = 2147483647;
			files = (
				5A2263D414B1FB190078EBEF /* main.m in Sources */,
				5A2263D814B1FB190078EBEF /* AppDelegate.mm in Sources */,
				5A2263DB14B1FB190078EBEF /* ViewController.mm in Sources */,
				5A2263E714B312680078EBEF /* OverlayView.m in Sources */,
				5A2263EE14B313620078EBEF /* UIImage+Alpha.m in Sources */,
				5A2263EF14B313620078EBEF /* UIImage+Resize.m in Sources */,
				5A2263F014B313620078EBEF /* UIImage+RoundedCorner.m in Sources */,
				5A2263F314B3153E0078EBEF /* MBProgressHUD.m in Sources */,
				5A7B0EAD14B470BB000314C0 /* SettingsViewController.m in Sources */,
				5A4766E014B5DCFD00D8FA66 /* VideoViewController.m in Sources */,
			);
			runOnlyForDeploymentPostprocessing = 0;
		};
/* End PBXSourcesBuildPhase section */

/* Begin PBXVariantGroup section */
		5A2263D014B1FB190078EBEF /* InfoPlist.strings */ = {
			isa = PBXVariantGroup;
			children = (
				5A2263D114B1FB190078EBEF /* en */,
			);
			name = InfoPlist.strings;
			sourceTree = "<group>";
		};
		5A2263DC14B1FB190078EBEF /* ViewController.xib */ = {
			isa = PBXVariantGroup;
			children = (
				5A2263DD14B1FB190078EBEF /* en */,
			);
			name = ViewController.xib;
			sourceTree = "<group>";
		};
/* End PBXVariantGroup section */

/* Begin XCBuildConfiguration section */
		5A2263DF14B1FB190078EBEF /* Debug */ = {
			isa = XCBuildConfiguration;
			buildSettings = {
				ALWAYS_SEARCH_USER_PATHS = NO;
				ARCHS = "$(ARCHS_STANDARD_32_BIT)";
				CLANG_ENABLE_OBJC_ARC = YES;
				"CODE_SIGN_IDENTITY[sdk=iphoneos*]" = "iPhone Developer";
				COPY_PHASE_STRIP = NO;
				GCC_C_LANGUAGE_STANDARD = gnu99;
				GCC_DYNAMIC_NO_PIC = NO;
				GCC_OPTIMIZATION_LEVEL = 0;
				GCC_PREPROCESSOR_DEFINITIONS = (
					"DEBUG=1",
					"$(inherited)",
				);
				GCC_SYMBOLS_PRIVATE_EXTERN = NO;
				GCC_VERSION = com.apple.compilers.llvm.clang.1_0;
				GCC_WARN_ABOUT_MISSING_PROTOTYPES = YES;
				GCC_WARN_ABOUT_RETURN_TYPE = YES;
				GCC_WARN_UNUSED_VARIABLE = YES;
				IPHONEOS_DEPLOYMENT_TARGET = 5.0;
				SDKROOT = iphoneos;
			};
			name = Debug;
		};
		5A2263E014B1FB190078EBEF /* Release */ = {
			isa = XCBuildConfiguration;
			buildSettings = {
				ALWAYS_SEARCH_USER_PATHS = NO;
				ARCHS = "$(ARCHS_STANDARD_32_BIT)";
				CLANG_ENABLE_OBJC_ARC = YES;
				"CODE_SIGN_IDENTITY[sdk=iphoneos*]" = "iPhone Developer";
				COPY_PHASE_STRIP = YES;
				GCC_C_LANGUAGE_STANDARD = gnu99;
				GCC_VERSION = com.apple.compilers.llvm.clang.1_0;
				GCC_WARN_ABOUT_MISSING_PROTOTYPES = YES;
				GCC_WARN_ABOUT_RETURN_TYPE = YES;
				GCC_WARN_UNUSED_VARIABLE = YES;
				IPHONEOS_DEPLOYMENT_TARGET = 5.0;
				OTHER_CFLAGS = "-DNS_BLOCK_ASSERTIONS=1";
				SDKROOT = iphoneos;
				VALIDATE_PRODUCT = YES;
			};
			name = Release;
		};
		5A2263E214B1FB190078EBEF /* Debug */ = {
			isa = XCBuildConfiguration;
			buildSettings = {
				GCC_PRECOMPILE_PREFIX_HEADER = YES;
				GCC_PREFIX_HEADER = "Sinma/Sinma-Prefix.pch";
				INFOPLIST_FILE = "Sinma/Sinma-Info.plist";
				IPHONEOS_DEPLOYMENT_TARGET = 5.0;
				LIBRARY_SEARCH_PATHS = (
					"$(inherited)",
					"\"$(SRCROOT)/Tesseract/lib\"",
				);
				PRODUCT_NAME = "$(TARGET_NAME)";
				TARGETED_DEVICE_FAMILY = 1;
				WRAPPER_EXTENSION = app;
			};
			name = Debug;
		};
		5A2263E314B1FB190078EBEF /* Release */ = {
			isa = XCBuildConfiguration;
			buildSettings = {
				GCC_PRECOMPILE_PREFIX_HEADER = YES;
				GCC_PREFIX_HEADER = "Sinma/Sinma-Prefix.pch";
				INFOPLIST_FILE = "Sinma/Sinma-Info.plist";
				IPHONEOS_DEPLOYMENT_TARGET = 5.0;
				LIBRARY_SEARCH_PATHS = (
					"$(inherited)",
					"\"$(SRCROOT)/Tesseract/lib\"",
				);
				PRODUCT_NAME = "$(TARGET_NAME)";
				TARGETED_DEVICE_FAMILY = 1;
				WRAPPER_EXTENSION = app;
			};
			name = Release;
		};
/* End XCBuildConfiguration section */

/* Begin XCConfigurationList section */
		5A2263BD14B1FB190078EBEF /* Build configuration list for PBXProject "Sinma" */ = {
			isa = XCConfigurationList;
			buildConfigurations = (
				5A2263DF14B1FB190078EBEF /* Debug */,
				5A2263E014B1FB190078EBEF /* Release */,
			);
			defaultConfigurationIsVisible = 0;
			defaultConfigurationName = Release;
		};
		5A2263E114B1FB190078EBEF /* Build configuration list for PBXNativeTarget "Sinma" */ = {
			isa = XCConfigurationList;
			buildConfigurations = (
				5A2263E214B1FB190078EBEF /* Debug */,
				5A2263E314B1FB190078EBEF /* Release */,
			);
			defaultConfigurationIsVisible = 0;
			defaultConfigurationName = Release;
		};
/* End XCConfigurationList section */
	};
	rootObject = 5A2263BA14B1FB190078EBEF /* Project object */;
}
