// !$*UTF8*$!
{
	archiveVersion = 1;
	classes = {
	};
	objectVersion = 46;
	objects = {

/* Begin PBXBuildFile section */
		5A2263C814B1FB190078EBEF /* UIKit.framework in Frameworks */ = {isa = PBXBuildFile; fileRef = 5A2263C714B1FB190078EBEF /* UIKit.framework */; };
		5A2263CA14B1FB190078EBEF /* Foundation.framework in Frameworks */ = {isa = PBXBuildFile; fileRef = 5A2263C914B1FB190078EBEF /* Foundation.framework */; };
		5A2263CC14B1FB190078EBEF /* CoreGraphics.framework in Frameworks */ = {isa = PBXBuildFile; fileRef = 5A2263CB14B1FB190078EBEF /* CoreGraphics.framework */; };
		5A2263D214B1FB190078EBEF /* InfoPlist.strings in Resources */ = {isa = PBXBuildFile; fileRef = 5A2263D014B1FB190078EBEF /* InfoPlist.strings */; };
		5A2263D414B1FB190078EBEF /* main.m in Sources */ = {isa = PBXBuildFile; fileRef = 5A2263D314B1FB190078EBEF /* main.m */; };
		5A2263D814B1FB190078EBEF /* AppDelegate.m in Sources */ = {isa = PBXBuildFile; fileRef = 5A2263D714B1FB190078EBEF /* AppDelegate.m */; };
		5A2263DB14B1FB190078EBEF /* ViewController.m in Sources */ = {isa = PBXBuildFile; fileRef = 5A2263DA14B1FB190078EBEF /* ViewController.m */; };
		5A2263DE14B1FB190078EBEF /* ViewController.xib in Resources */ = {isa = PBXBuildFile; fileRef = 5A2263DC14B1FB190078EBEF /* ViewController.xib */; };
		5A2263E714B312680078EBEF /* OverlayView.m in Sources */ = {isa = PBXBuildFile; fileRef = 5A2263E614B312680078EBEF /* OverlayView.m */; };
/* End PBXBuildFile section */

/* Begin PBXFileReference section */
		5A2263C314B1FB190078EBEF /* Sinma.app */ = {isa = PBXFileReference; explicitFileType = wrapper.application; includeInIndex = 0; path = Sinma.app; sourceTree = BUILT_PRODUCTS_DIR; };
		5A2263C714B1FB190078EBEF /* UIKit.framework */ = {isa = PBXFileReference; lastKnownFileType = wrapper.framework; name = UIKit.framework; path = System/Library/Frameworks/UIKit.framework; sourceTree = SDKROOT; };
		5A2263C914B1FB190078EBEF /* Foundation.framework */ = {isa = PBXFileReference; lastKnownFileType = wrapper.framework; name = Foundation.framework; path = System/Library/Frameworks/Foundation.framework; sourceTree = SDKROOT; };
		5A2263CB14B1FB190078EBEF /* CoreGraphics.framework */ = {isa = PBXFileReference; lastKnownFileType = wrapper.framework; name = CoreGraphics.framework; path = System/Library/Frameworks/CoreGraphics.framework; sourceTree = SDKROOT; };
		5A2263CF14B1FB190078EBEF /* Sinma-Info.plist */ = {isa = PBXFileReference; lastKnownFileType = text.plist.xml; path = "Sinma-Info.plist"; sourceTree = "<group>"; };
		5A2263D114B1FB190078EBEF /* en */ = {isa = PBXFileReference; lastKnownFileType = text.plist.strings; name = en; path = en.lproj/InfoPlist.strings; sourceTree = "<group>"; };
		5A2263D314B1FB190078EBEF /* main.m */ = {isa = PBXFileReference; lastKnownFileType = sourcecode.c.objc; path = main.m; sourceTree = "<group>"; };
		5A2263D514B1FB190078EBEF /* Sinma-Prefix.pch */ = {isa = PBXFileReference; lastKnownFileType = sourcecode.c.h; path = "Sinma-Prefix.pch"; sourceTree = "<group>"; };
		5A2263D614B1FB190078EBEF /* AppDelegate.h */ = {isa = PBXFileReference; lastKnownFileType = sourcecode.c.h; path = AppDelegate.h; sourceTree = "<group>"; };
		5A2263D714B1FB190078EBEF /* AppDelegate.m */ = {isa = PBXFileReference; lastKnownFileType = sourcecode.c.objc; path = AppDelegate.m; sourceTree = "<group>"; };
		5A2263D914B1FB190078EBEF /* ViewController.h */ = {isa = PBXFileReference; lastKnownFileType = sourcecode.c.h; path = ViewController.h; sourceTree = "<group>"; };
		5A2263DA14B1FB190078EBEF /* ViewController.m */ = {isa = PBXFileReference; lastKnownFileType = sourcecode.c.objc; path = ViewController.m; sourceTree = "<group>"; };
		5A2263DD14B1FB190078EBEF /* en */ = {isa = PBXFileReference; lastKnownFileType = file.xib; name = en; path = en.lproj/ViewController.xib; sourceTree = "<group>"; };
		5A2263E514B312680078EBEF /* OverlayView.h */ = {isa = PBXFileReference; fileEncoding = 4; lastKnownFileType = sourcecode.c.h; path = OverlayView.h; sourceTree = "<group>"; };
		5A2263E614B312680078EBEF /* OverlayView.m */ = {isa = PBXFileReference; fileEncoding = 4; lastKnownFileType = sourcecode.c.objc; path = OverlayView.m; sourceTree = "<group>"; };
/* End PBXFileReference section */

/* Begin PBXFrameworksBuildPhase section */
		5A2263C014B1FB190078EBEF /* Frameworks */ = {
			isa = PBXFrameworksBuildPhase;
			buildActionMask = 2147483647;
			files = (
				5A2263C814B1FB190078EBEF /* UIKit.framework in Frameworks */,
				5A2263CA14B1FB190078EBEF /* Foundation.framework in Frameworks */,
				5A2263CC14B1FB190078EBEF /* CoreGraphics.framework in Frameworks */,
			);
			runOnlyForDeploymentPostprocessing = 0;
		};
/* End PBXFrameworksBuildPhase section */

/* Begin PBXGroup section */
		5A2263B814B1FB190078EBEF = {
			isa = PBXGroup;
			children = (
				5A2263CD14B1FB190078EBEF /* Sinma */,
				5A2263E414B312450078EBEF /* Other */,
				5A2263C614B1FB190078EBEF /* Frameworks */,
				5A2263C414B1FB190078EBEF /* Products */,
			);
			sourceTree = "<group>";
		};
		5A2263C414B1FB190078EBEF /* Products */ = {
			isa = PBXGroup;
			children = (
				5A2263C314B1FB190078EBEF /* Sinma.app */,
			);
			name = Products;
			sourceTree = "<group>";
		};
		5A2263C614B1FB190078EBEF /* Frameworks */ = {
			isa = PBXGroup;
			children = (
				5A2263C714B1FB190078EBEF /* UIKit.framework */,
				5A2263C914B1FB190078EBEF /* Foundation.framework */,
				5A2263CB14B1FB190078EBEF /* CoreGraphics.framework */,
			);
			name = Frameworks;
			sourceTree = "<group>";
		};
		5A2263CD14B1FB190078EBEF /* Sinma */ = {
			isa = PBXGroup;
			children = (
				5A2263D614B1FB190078EBEF /* AppDelegate.h */,
				5A2263D714B1FB190078EBEF /* AppDelegate.m */,
				5A2263D914B1FB190078EBEF /* ViewController.h */,
				5A2263DA14B1FB190078EBEF /* ViewController.m */,
				5A2263DC14B1FB190078EBEF /* ViewController.xib */,
				5A2263CE14B1FB190078EBEF /* Supporting Files */,
			);
			path = Sinma;
			sourceTree = "<group>";
		};
		5A2263CE14B1FB190078EBEF /* Supporting Files */ = {
			isa = PBXGroup;
			children = (
				5A2263CF14B1FB190078EBEF /* Sinma-Info.plist */,
				5A2263D014B1FB190078EBEF /* InfoPlist.strings */,
				5A2263D314B1FB190078EBEF /* main.m */,
				5A2263D514B1FB190078EBEF /* Sinma-Prefix.pch */,
			);
			name = "Supporting Files";
			sourceTree = "<group>";
		};
		5A2263E414B312450078EBEF /* Other */ = {
			isa = PBXGroup;
			children = (
				5A2263E514B312680078EBEF /* OverlayView.h */,
				5A2263E614B312680078EBEF /* OverlayView.m */,
			);
			name = Other;
			sourceTree = "<group>";
		};
/* End PBXGroup section */

/* Begin PBXNativeTarget section */
		5A2263C214B1FB190078EBEF /* Sinma */ = {
			isa = PBXNativeTarget;
			buildConfigurationList = 5A2263E114B1FB190078EBEF /* Build configuration list for PBXNativeTarget "Sinma" */;
			buildPhases = (
				5A2263BF14B1FB190078EBEF /* Sources */,
				5A2263C014B1FB190078EBEF /* Frameworks */,
				5A2263C114B1FB190078EBEF /* Resources */,
			);
			buildRules = (
			);
			dependencies = (
			);
			name = Sinma;
			productName = Sinma;
			productReference = 5A2263C314B1FB190078EBEF /* Sinma.app */;
			productType = "com.apple.product-type.application";
		};
/* End PBXNativeTarget section */

/* Begin PBXProject section */
		5A2263BA14B1FB190078EBEF /* Project object */ = {
			isa = PBXProject;
			attributes = {
				LastUpgradeCheck = 0420;
				ORGANIZATIONNAME = "abstracture GmbH & Co. KG";
			};
			buildConfigurationList = 5A2263BD14B1FB190078EBEF /* Build configuration list for PBXProject "Sinma" */;
			compatibilityVersion = "Xcode 3.2";
			developmentRegion = English;
			hasScannedForEncodings = 0;
			knownRegions = (
				en,
			);
			mainGroup = 5A2263B814B1FB190078EBEF;
			productRefGroup = 5A2263C414B1FB190078EBEF /* Products */;
			projectDirPath = "";
			projectRoot = "";
			targets = (
				5A2263C214B1FB190078EBEF /* Sinma */,
			);
		};
/* End PBXProject section */

/* Begin PBXResourcesBuildPhase section */
		5A2263C114B1FB190078EBEF /* Resources */ = {
			isa = PBXResourcesBuildPhase;
			buildActionMask = 2147483647;
			files = (
				5A2263D214B1FB190078EBEF /* InfoPlist.strings in Resources */,
				5A2263DE14B1FB190078EBEF /* ViewController.xib in Resources */,
			);
			runOnlyForDeploymentPostprocessing = 0;
		};
/* End PBXResourcesBuildPhase section */

/* Begin PBXSourcesBuildPhase section */
		5A2263BF14B1FB190078EBEF /* Sources */ = {
			isa = PBXSourcesBuildPhase;
			buildActionMask = 2147483647;
			files = (
				5A2263D414B1FB190078EBEF /* main.m in Sources */,
				5A2263D814B1FB190078EBEF /* AppDelegate.m in Sources */,
				5A2263DB14B1FB190078EBEF /* ViewController.m in Sources */,
				5A2263E714B312680078EBEF /* OverlayView.m in Sources */,
			);
			runOnlyForDeploymentPostprocessing = 0;
		};
/* End PBXSourcesBuildPhase section */

/* Begin PBXVariantGroup section */
		5A2263D014B1FB190078EBEF /* InfoPlist.strings */ = {
			isa = PBXVariantGroup;
			children = (
				5A2263D114B1FB190078EBEF /* en */,
			);
			name = InfoPlist.strings;
			sourceTree = "<group>";
		};
		5A2263DC14B1FB190078EBEF /* ViewController.xib */ = {
			isa = PBXVariantGroup;
			children = (
				5A2263DD14B1FB190078EBEF /* en */,
			);
			name = ViewController.xib;
			sourceTree = "<group>";
		};
/* End PBXVariantGroup section */

/* Begin XCBuildConfiguration section */
		5A2263DF14B1FB190078EBEF /* Debug */ = {
			isa = XCBuildConfiguration;
			buildSettings = {
				ALWAYS_SEARCH_USER_PATHS = NO;
				ARCHS = "$(ARCHS_STANDARD_32_BIT)";
				CLANG_ENABLE_OBJC_ARC = YES;
				"CODE_SIGN_IDENTITY[sdk=iphoneos*]" = "iPhone Developer";
				COPY_PHASE_STRIP = NO;
				GCC_C_LANGUAGE_STANDARD = gnu99;
				GCC_DYNAMIC_NO_PIC = NO;
				GCC_OPTIMIZATION_LEVEL = 0;
				GCC_PREPROCESSOR_DEFINITIONS = (
					"DEBUG=1",
					"$(inherited)",
				);
				GCC_SYMBOLS_PRIVATE_EXTERN = NO;
				GCC_VERSION = com.apple.compilers.llvm.clang.1_0;
				GCC_WARN_ABOUT_MISSING_PROTOTYPES = YES;
				GCC_WARN_ABOUT_RETURN_TYPE = YES;
				GCC_WARN_UNUSED_VARIABLE = YES;
				IPHONEOS_DEPLOYMENT_TARGET = 5.0;
				SDKROOT = iphoneos;
			};
			name = Debug;
		};
		5A2263E014B1FB190078EBEF /* Release */ = {
			isa = XCBuildConfiguration;
			buildSettings = {
				ALWAYS_SEARCH_USER_PATHS = NO;
				ARCHS = "$(ARCHS_STANDARD_32_BIT)";
				CLANG_ENABLE_OBJC_ARC = YES;
				"CODE_SIGN_IDENTITY[sdk=iphoneos*]" = "iPhone Developer";
				COPY_PHASE_STRIP = YES;
				GCC_C_LANGUAGE_STANDARD = gnu99;
				GCC_VERSION = com.apple.compilers.llvm.clang.1_0;
				GCC_WARN_ABOUT_MISSING_PROTOTYPES = YES;
				GCC_WARN_ABOUT_RETURN_TYPE = YES;
				GCC_WARN_UNUSED_VARIABLE = YES;
				IPHONEOS_DEPLOYMENT_TARGET = 5.0;
				OTHER_CFLAGS = "-DNS_BLOCK_ASSERTIONS=1";
				SDKROOT = iphoneos;
				VALIDATE_PRODUCT = YES;
			};
			name = Release;
		};
		5A2263E214B1FB190078EBEF /* Debug */ = {
			isa = XCBuildConfiguration;
			buildSettings = {
				GCC_PRECOMPILE_PREFIX_HEADER = YES;
				GCC_PREFIX_HEADER = "Sinma/Sinma-Prefix.pch";
				INFOPLIST_FILE = "Sinma/Sinma-Info.plist";
				PRODUCT_NAME = "$(TARGET_NAME)";
				WRAPPER_EXTENSION = app;
			};
			name = Debug;
		};
		5A2263E314B1FB190078EBEF /* Release */ = {
			isa = XCBuildConfiguration;
			buildSettings = {
				GCC_PRECOMPILE_PREFIX_HEADER = YES;
				GCC_PREFIX_HEADER = "Sinma/Sinma-Prefix.pch";
				INFOPLIST_FILE = "Sinma/Sinma-Info.plist";
				PRODUCT_NAME = "$(TARGET_NAME)";
				WRAPPER_EXTENSION = app;
			};
			name = Release;
		};
/* End XCBuildConfiguration section */

/* Begin XCConfigurationList section */
		5A2263BD14B1FB190078EBEF /* Build configuration list for PBXProject "Sinma" */ = {
			isa = XCConfigurationList;
			buildConfigurations = (
				5A2263DF14B1FB190078EBEF /* Debug */,
				5A2263E014B1FB190078EBEF /* Release */,
			);
			defaultConfigurationIsVisible = 0;
			defaultConfigurationName = Release;
		};
		5A2263E114B1FB190078EBEF /* Build configuration list for PBXNativeTarget "Sinma" */ = {
			isa = XCConfigurationList;
			buildConfigurations = (
				5A2263E214B1FB190078EBEF /* Debug */,
				5A2263E314B1FB190078EBEF /* Release */,
			);
			defaultConfigurationIsVisible = 0;
		};
/* End XCConfigurationList section */
	};
	rootObject = 5A2263BA14B1FB190078EBEF /* Project object */;
}
