// !$*UTF8*$!
{
	archiveVersion = 1;
	classes = {
	};
	objectVersion = 46;
	objects = {

/* Begin PBXBuildFile section */
		5A2263C814B1FB190078EBEF /* UIKit.framework in Frameworks */ = {isa = PBXBuildFile; fileRef = 5A2263C714B1FB190078EBEF /* UIKit.framework */; };
		5A2263CA14B1FB190078EBEF /* Foundation.framework in Frameworks */ = {isa = PBXBuildFile; fileRef = 5A2263C914B1FB190078EBEF /* Foundation.framework */; };
		5A2263CC14B1FB190078EBEF /* CoreGraphics.framework in Frameworks */ = {isa = PBXBuildFile; fileRef = 5A2263CB14B1FB190078EBEF /* CoreGraphics.framework */; };
		5A29CAA114E2ED1000AE26D7 /* libsqlite3.dylib in Frameworks */ = {isa = PBXBuildFile; fileRef = 5A29CAA014E2ED1000AE26D7 /* libsqlite3.dylib */; };
		5A29CAA314E3C38A00AE26D7 /* libz.dylib in Frameworks */ = {isa = PBXBuildFile; fileRef = 5A29CAA214E3C38A00AE26D7 /* libz.dylib */; };
		5A43CF2514EAC0290002A69C /* Image.m in Sources */ = {isa = PBXBuildFile; fileRef = 5A43CF2414EAC0290002A69C /* Image.m */; };
		5A4766E414B5E0F900D8FA66 /* AVFoundation.framework in Frameworks */ = {isa = PBXBuildFile; fileRef = 5A4766E314B5E0F900D8FA66 /* AVFoundation.framework */; };
		5A4766EC14B5ED2600D8FA66 /* CoreVideo.framework in Frameworks */ = {isa = PBXBuildFile; fileRef = 5A4766EB14B5ED2600D8FA66 /* CoreVideo.framework */; };
		5A4766F014B5ED5D00D8FA66 /* CoreMedia.framework in Frameworks */ = {isa = PBXBuildFile; fileRef = 5A4766EF14B5ED5D00D8FA66 /* CoreMedia.framework */; };
		5A4FFFD514EBB11600E02965 /* CouchCocoa.framework in Frameworks */ = {isa = PBXBuildFile; fileRef = 5A4FFF9214EBB0A500E02965 /* CouchCocoa.framework */; };
		5A4FFFD614EBB11D00E02965 /* TouchDB.framework in Frameworks */ = {isa = PBXBuildFile; fileRef = 5A4FFFB814EBB0AB00E02965 /* TouchDB.framework */; };
		5A56F0AD14CD480300F7D75B /* UIKit.framework in Frameworks */ = {isa = PBXBuildFile; fileRef = 5A2263C714B1FB190078EBEF /* UIKit.framework */; };
		5A56F0AE14CD480300F7D75B /* Foundation.framework in Frameworks */ = {isa = PBXBuildFile; fileRef = 5A2263C914B1FB190078EBEF /* Foundation.framework */; };
		5A56F0AF14CD480300F7D75B /* CoreGraphics.framework in Frameworks */ = {isa = PBXBuildFile; fileRef = 5A2263CB14B1FB190078EBEF /* CoreGraphics.framework */; };
		5A56F0B514CD480300F7D75B /* InfoPlist.strings in Resources */ = {isa = PBXBuildFile; fileRef = 5A56F0B314CD480300F7D75B /* InfoPlist.strings */; };
		5A56F0B714CD480300F7D75B /* main.m in Sources */ = {isa = PBXBuildFile; fileRef = 5A56F0B614CD480300F7D75B /* main.m */; };
		5A56F0C114CD482F00F7D75B /* GHUnitIOS.framework in Frameworks */ = {isa = PBXBuildFile; fileRef = 5A56F0C014CD482F00F7D75B /* GHUnitIOS.framework */; };
		5A7B0EB214B47315000314C0 /* 14-gear.png in Resources */ = {isa = PBXBuildFile; fileRef = 5A7B0EB014B47315000314C0 /* 14-gear.png */; };
		5A7B0EB314B47315000314C0 /* 14-gear@2x.png in Resources */ = {isa = PBXBuildFile; fileRef = 5A7B0EB114B47315000314C0 /* 14-gear@2x.png */; };
		5A86044C14C438CD008D2C6A /* NSData+Base64.m in Sources */ = {isa = PBXBuildFile; fileRef = 5A86044914C438CD008D2C6A /* NSData+Base64.m */; };
		5A86044F14C43D6D008D2C6A /* CFNetwork.framework in Frameworks */ = {isa = PBXBuildFile; fileRef = 5A86044E14C43D6D008D2C6A /* CFNetwork.framework */; };
		5A86046314C482E5008D2C6A /* NSData+MD5.m in Sources */ = {isa = PBXBuildFile; fileRef = 5A86046214C482E5008D2C6A /* NSData+MD5.m */; };
		5AAAD36814E525A200AFB2DC /* ImageCell.m in Sources */ = {isa = PBXBuildFile; fileRef = 5AAAD36714E525A200AFB2DC /* ImageCell.m */; };
		5AC6543914CF0A99004635D8 /* app_icon-57.png in Resources */ = {isa = PBXBuildFile; fileRef = 5AC6543714CF0A99004635D8 /* app_icon-57.png */; };
		5AC6543C14CF0AAB004635D8 /* app_icon-114.png in Resources */ = {isa = PBXBuildFile; fileRef = 5AC6543B14CF0AAB004635D8 /* app_icon-114.png */; };
		5AC6546E14D01F15004635D8 /* ImageCell.xib in Resources */ = {isa = PBXBuildFile; fileRef = 5AC6546D14D01F15004635D8 /* ImageCell.xib */; };
		5AC6548A14D16924004635D8 /* 01-refresh.png in Resources */ = {isa = PBXBuildFile; fileRef = 5AC6548814D16924004635D8 /* 01-refresh.png */; };
		5AC6548B14D16924004635D8 /* 01-refresh@2x.png in Resources */ = {isa = PBXBuildFile; fileRef = 5AC6548914D16924004635D8 /* 01-refresh@2x.png */; };
		5AC6548E14D16942004635D8 /* 258-checkmark.png in Resources */ = {isa = PBXBuildFile; fileRef = 5AC6548C14D16942004635D8 /* 258-checkmark.png */; };
		5AC6548F14D16942004635D8 /* 258-checkmark@2x.png in Resources */ = {isa = PBXBuildFile; fileRef = 5AC6548D14D16942004635D8 /* 258-checkmark@2x.png */; };
		5AD8925214C02276005595BA /* UIImage+Alpha.m in Sources */ = {isa = PBXBuildFile; fileRef = 5AD8924C14C02275005595BA /* UIImage+Alpha.m */; };
		5AD8925314C02276005595BA /* UIImage+Resize.m in Sources */ = {isa = PBXBuildFile; fileRef = 5AD8924E14C02275005595BA /* UIImage+Resize.m */; };
		5AD8925414C02276005595BA /* UIImage+RoundedCorner.m in Sources */ = {isa = PBXBuildFile; fileRef = 5AD8925014C02276005595BA /* UIImage+RoundedCorner.m */; };
		5ADC3DAE14CD7137004992F7 /* NSData+MD5.m in Sources */ = {isa = PBXBuildFile; fileRef = 5A86046214C482E5008D2C6A /* NSData+MD5.m */; };
		5ADC3DB014CD713F004992F7 /* NSData+Base64.m in Sources */ = {isa = PBXBuildFile; fileRef = 5A86044914C438CD008D2C6A /* NSData+Base64.m */; };
		5ADC3DB214CD718D004992F7 /* CFNetwork.framework in Frameworks */ = {isa = PBXBuildFile; fileRef = 5A86044E14C43D6D008D2C6A /* CFNetwork.framework */; };
		5ADC3DB514CD8389004992F7 /* DbcConnectorTest.m in Sources */ = {isa = PBXBuildFile; fileRef = 5ADC3DB414CD8389004992F7 /* DbcConnectorTest.m */; };
		5ADC3DB614CD8EC3004992F7 /* test222.tif in Resources */ = {isa = PBXBuildFile; fileRef = 5A86043414C2332F008D2C6A /* test222.tif */; };
		5ADC3DC114CDBEDD004992F7 /* ImagePollerTest.m in Sources */ = {isa = PBXBuildFile; fileRef = 5ADC3DC014CDBEDD004992F7 /* ImagePollerTest.m */; };
		5AE1FB4814D7E4FD00151025 /* RequestTest.m in Sources */ = {isa = PBXBuildFile; fileRef = 5AE1FB4714D7E4FD00151025 /* RequestTest.m */; };
		5AE2E69C14DBF552009AD7D1 /* Localizable.strings in Resources */ = {isa = PBXBuildFile; fileRef = 5AE2E69A14DBF552009AD7D1 /* Localizable.strings */; };
		5AE2E69F14DC0E0C009AD7D1 /* test222.tif in Resources */ = {isa = PBXBuildFile; fileRef = 5A86043414C2332F008D2C6A /* test222.tif */; };
		5AED50ED14CEF7CD00D8B6BB /* main.m in Sources */ = {isa = PBXBuildFile; fileRef = 5AED50EB14CEF7CD00D8B6BB /* main.m */; };
		5AED50F214CEF80400D8B6BB /* InfoPlist.strings in Resources */ = {isa = PBXBuildFile; fileRef = 5AED50F014CEF80400D8B6BB /* InfoPlist.strings */; };
		5AED50F914CEF81500D8B6BB /* AppDelegate.m in Sources */ = {isa = PBXBuildFile; fileRef = 5AED50F414CEF81500D8B6BB /* AppDelegate.m */; };
		5AED50FA14CEF81500D8B6BB /* Constants.m in Sources */ = {isa = PBXBuildFile; fileRef = 5AED50F614CEF81500D8B6BB /* Constants.m */; };
		5AED510414CEF85F00D8B6BB /* VideoViewController.m in Sources */ = {isa = PBXBuildFile; fileRef = 5AED510014CEF85F00D8B6BB /* VideoViewController.m */; };
		5AED510514CEF85F00D8B6BB /* VideoViewController.xib in Resources */ = {isa = PBXBuildFile; fileRef = 5AED510114CEF85F00D8B6BB /* VideoViewController.xib */; };
		5AF582C614D2A4A7007942AD /* ImageProcessorTest.m in Sources */ = {isa = PBXBuildFile; fileRef = 5AF582C514D2A4A7007942AD /* ImageProcessorTest.m */; };
/* End PBXBuildFile section */

/* Begin PBXContainerItemProxy section */
		5A4FFF9114EBB0A500E02965 /* PBXContainerItemProxy */ = {
			isa = PBXContainerItemProxy;
			containerPortal = 5A4FFF8114EBB0A500E02965 /* CouchCocoa.xcodeproj */;
			proxyType = 2;
			remoteGlobalIDString = 27CDEBF113C67C9B00C979BB;
			remoteInfo = "Mac Framework";
		};
		5A4FFF9314EBB0A500E02965 /* PBXContainerItemProxy */ = {
			isa = PBXContainerItemProxy;
			containerPortal = 5A4FFF8114EBB0A500E02965 /* CouchCocoa.xcodeproj */;
			proxyType = 2;
			remoteGlobalIDString = 27CDEC0313C67C9B00C979BB;
			remoteInfo = "Mac Tests";
		};
		5A4FFF9514EBB0A500E02965 /* PBXContainerItemProxy */ = {
			isa = PBXContainerItemProxy;
			containerPortal = 5A4FFF8114EBB0A500E02965 /* CouchCocoa.xcodeproj */;
			proxyType = 2;
			remoteGlobalIDString = 27EF14771396D7BA0052913E;
			remoteInfo = "Demo-Addresses";
		};
		5A4FFF9714EBB0A500E02965 /* PBXContainerItemProxy */ = {
			isa = PBXContainerItemProxy;
			containerPortal = 5A4FFF8114EBB0A500E02965 /* CouchCocoa.xcodeproj */;
			proxyType = 2;
			remoteGlobalIDString = 2784E1BC13CE5249009CC5C8;
			remoteInfo = "Demo-Shopping";
		};
		5A4FFF9914EBB0A500E02965 /* PBXContainerItemProxy */ = {
			isa = PBXContainerItemProxy;
			containerPortal = 5A4FFF8114EBB0A500E02965 /* CouchCocoa.xcodeproj */;
			proxyType = 2;
			remoteGlobalIDString = 27EEA59813D602EA00D7ACA4;
			remoteInfo = "iOS Framework";
		};
		5A4FFF9B14EBB0A500E02965 /* PBXContainerItemProxy */ = {
			isa = PBXContainerItemProxy;
			containerPortal = 5A4FFF8114EBB0A500E02965 /* CouchCocoa.xcodeproj */;
			proxyType = 2;
			remoteGlobalIDString = 2739BF2B13BCE53B004829CD;
			remoteInfo = "iOS Library";
		};
		5A4FFF9D14EBB0A500E02965 /* PBXContainerItemProxy */ = {
			isa = PBXContainerItemProxy;
			containerPortal = 5A4FFF8114EBB0A500E02965 /* CouchCocoa.xcodeproj */;
			proxyType = 2;
			remoteGlobalIDString = 2739BF3613BCE53C004829CD;
			remoteInfo = "iOS Tests";
		};
		5A4FFFB714EBB0AB00E02965 /* PBXContainerItemProxy */ = {
			isa = PBXContainerItemProxy;
			containerPortal = 5A4FFF9F14EBB0AB00E02965 /* TouchDB.xcodeproj */;
			proxyType = 2;
			remoteGlobalIDString = 270B3DEA1489359000E0A926;
			remoteInfo = TouchDB;
		};
		5A4FFFB914EBB0AB00E02965 /* PBXContainerItemProxy */ = {
			isa = PBXContainerItemProxy;
			containerPortal = 5A4FFF9F14EBB0AB00E02965 /* TouchDB.xcodeproj */;
			proxyType = 2;
			remoteGlobalIDString = 275315D514ACF0A10065964D;
			remoteInfo = TouchDBListener;
		};
		5A4FFFBB14EBB0AB00E02965 /* PBXContainerItemProxy */ = {
			isa = PBXContainerItemProxy;
			containerPortal = 5A4FFF9F14EBB0AB00E02965 /* TouchDB.xcodeproj */;
			proxyType = 2;
			remoteGlobalIDString = 270B3DFB1489359000E0A926;
			remoteInfo = TouchDBTests;
		};
		5A4FFFBD14EBB0AB00E02965 /* PBXContainerItemProxy */ = {
			isa = PBXContainerItemProxy;
			containerPortal = 5A4FFF9F14EBB0AB00E02965 /* TouchDB.xcodeproj */;
			proxyType = 2;
			remoteGlobalIDString = 27C70694148864BA00F0F099;
			remoteInfo = "TouchDB Demo";
		};
		5A4FFFBF14EBB0AB00E02965 /* PBXContainerItemProxy */ = {
			isa = PBXContainerItemProxy;
			containerPortal = 5A4FFF9F14EBB0AB00E02965 /* TouchDB.xcodeproj */;
			proxyType = 2;
			remoteGlobalIDString = 8DD76F6C0486A84900D96B5E;
			remoteInfo = Tests;
		};
		5A4FFFC114EBB0AB00E02965 /* PBXContainerItemProxy */ = {
			isa = PBXContainerItemProxy;
			containerPortal = 5A4FFF9F14EBB0AB00E02965 /* TouchDB.xcodeproj */;
			proxyType = 2;
			remoteGlobalIDString = 27B0B7A91492B83B00A817AD;
			remoteInfo = "iOS Library";
		};
		5A4FFFC314EBB0AB00E02965 /* PBXContainerItemProxy */ = {
			isa = PBXContainerItemProxy;
			containerPortal = 5A4FFF9F14EBB0AB00E02965 /* TouchDB.xcodeproj */;
			proxyType = 2;
			remoteGlobalIDString = 27B0B7B61492B83B00A817AD;
			remoteInfo = TouchDBiOSTests;
		};
		5A4FFFC514EBB0AB00E02965 /* PBXContainerItemProxy */ = {
			isa = PBXContainerItemProxy;
			containerPortal = 5A4FFF9F14EBB0AB00E02965 /* TouchDB.xcodeproj */;
			proxyType = 2;
			remoteGlobalIDString = 27B0B7E71492BB6B00A817AD;
			remoteInfo = "iOS Framework";
		};
		5A4FFFC714EBB0AB00E02965 /* PBXContainerItemProxy */ = {
			isa = PBXContainerItemProxy;
			containerPortal = 5A4FFF9F14EBB0AB00E02965 /* TouchDB.xcodeproj */;
			proxyType = 2;
			remoteGlobalIDString = 27B0B80B1492C16300A817AD;
			remoteInfo = "iOS Demo";
		};
		5A4FFFC914EBB0AB00E02965 /* PBXContainerItemProxy */ = {
			isa = PBXContainerItemProxy;
			containerPortal = 5A4FFF9F14EBB0AB00E02965 /* TouchDB.xcodeproj */;
			proxyType = 2;
			remoteGlobalIDString = 27731F2A1495CFEF00815D67;
			remoteInfo = "iOS Empty App";
		};
		5A4FFFCB14EBB0AB00E02965 /* PBXContainerItemProxy */ = {
			isa = PBXContainerItemProxy;
			containerPortal = 5A4FFF9F14EBB0AB00E02965 /* TouchDB.xcodeproj */;
			proxyType = 2;
			remoteGlobalIDString = DA023B6414BCA94C008184BB;
			remoteInfo = "Listener iOS Library";
		};
		5A4FFFCD14EBB0AB00E02965 /* PBXContainerItemProxy */ = {
			isa = PBXContainerItemProxy;
			containerPortal = 5A4FFF9F14EBB0AB00E02965 /* TouchDB.xcodeproj */;
			proxyType = 2;
			remoteGlobalIDString = DA147C3614BCAC3B0052DA4D;
			remoteInfo = "Listener iOS Framework";
		};
		5A4FFFCF14EBB0AB00E02965 /* PBXContainerItemProxy */ = {
			isa = PBXContainerItemProxy;
			containerPortal = 5A4FFF9F14EBB0AB00E02965 /* TouchDB.xcodeproj */;
			proxyType = 2;
			remoteGlobalIDString = 270FE0C814C5008C005FF647;
			remoteInfo = TouchServ;
		};
		5A4FFFD114EBB0B600E02965 /* PBXContainerItemProxy */ = {
			isa = PBXContainerItemProxy;
			containerPortal = 5A4FFF9F14EBB0AB00E02965 /* TouchDB.xcodeproj */;
			proxyType = 1;
			remoteGlobalIDString = 27B0B7E61492BB6B00A817AD;
			remoteInfo = "iOS Framework";
		};
		5A4FFFD314EBB0BD00E02965 /* PBXContainerItemProxy */ = {
			isa = PBXContainerItemProxy;
			containerPortal = 5A4FFF8114EBB0A500E02965 /* CouchCocoa.xcodeproj */;
			proxyType = 1;
			remoteGlobalIDString = 27EEA59713D602EA00D7ACA4;
			remoteInfo = "iOS Framework";
		};
/* End PBXContainerItemProxy section */

/* Begin PBXFileReference section */
		5A2263C314B1FB190078EBEF /* Graf.app */ = {isa = PBXFileReference; explicitFileType = wrapper.application; includeInIndex = 0; path = Graf.app; sourceTree = BUILT_PRODUCTS_DIR; };
		5A2263C714B1FB190078EBEF /* UIKit.framework */ = {isa = PBXFileReference; lastKnownFileType = wrapper.framework; name = UIKit.framework; path = System/Library/Frameworks/UIKit.framework; sourceTree = SDKROOT; };
		5A2263C914B1FB190078EBEF /* Foundation.framework */ = {isa = PBXFileReference; lastKnownFileType = wrapper.framework; name = Foundation.framework; path = System/Library/Frameworks/Foundation.framework; sourceTree = SDKROOT; };
		5A2263CB14B1FB190078EBEF /* CoreGraphics.framework */ = {isa = PBXFileReference; lastKnownFileType = wrapper.framework; name = CoreGraphics.framework; path = System/Library/Frameworks/CoreGraphics.framework; sourceTree = SDKROOT; };
		5A29CAA014E2ED1000AE26D7 /* libsqlite3.dylib */ = {isa = PBXFileReference; lastKnownFileType = "compiled.mach-o.dylib"; name = libsqlite3.dylib; path = usr/lib/libsqlite3.dylib; sourceTree = SDKROOT; };
		5A29CAA214E3C38A00AE26D7 /* libz.dylib */ = {isa = PBXFileReference; lastKnownFileType = "compiled.mach-o.dylib"; name = libz.dylib; path = usr/lib/libz.dylib; sourceTree = SDKROOT; };
		5A43CF2314EAC0290002A69C /* Image.h */ = {isa = PBXFileReference; fileEncoding = 4; lastKnownFileType = sourcecode.c.h; name = Image.h; path = Main/Image.h; sourceTree = SOURCE_ROOT; };
		5A43CF2414EAC0290002A69C /* Image.m */ = {isa = PBXFileReference; fileEncoding = 4; lastKnownFileType = sourcecode.c.objc; name = Image.m; path = Main/Image.m; sourceTree = SOURCE_ROOT; };
		5A4766E314B5E0F900D8FA66 /* AVFoundation.framework */ = {isa = PBXFileReference; lastKnownFileType = wrapper.framework; name = AVFoundation.framework; path = System/Library/Frameworks/AVFoundation.framework; sourceTree = SDKROOT; };
		5A4766EB14B5ED2600D8FA66 /* CoreVideo.framework */ = {isa = PBXFileReference; lastKnownFileType = wrapper.framework; name = CoreVideo.framework; path = System/Library/Frameworks/CoreVideo.framework; sourceTree = SDKROOT; };
		5A4766EF14B5ED5D00D8FA66 /* CoreMedia.framework */ = {isa = PBXFileReference; lastKnownFileType = wrapper.framework; name = CoreMedia.framework; path = System/Library/Frameworks/CoreMedia.framework; sourceTree = SDKROOT; };
		5A4FFF8114EBB0A500E02965 /* CouchCocoa.xcodeproj */ = {isa = PBXFileReference; lastKnownFileType = "wrapper.pb-project"; name = CouchCocoa.xcodeproj; path = other/CouchCocoa/CouchCocoa.xcodeproj; sourceTree = "<group>"; };
		5A4FFF9F14EBB0AB00E02965 /* TouchDB.xcodeproj */ = {isa = PBXFileReference; lastKnownFileType = "wrapper.pb-project"; name = TouchDB.xcodeproj; path = "other/TouchDB-iOS/TouchDB.xcodeproj"; sourceTree = "<group>"; };
		5A56F0AB14CD480300F7D75B /* Tests.app */ = {isa = PBXFileReference; explicitFileType = wrapper.application; includeInIndex = 0; path = Tests.app; sourceTree = BUILT_PRODUCTS_DIR; };
		5A56F0B214CD480300F7D75B /* Tests-Info.plist */ = {isa = PBXFileReference; lastKnownFileType = text.plist.xml; path = "Tests-Info.plist"; sourceTree = "<group>"; };
		5A56F0B414CD480300F7D75B /* en */ = {isa = PBXFileReference; lastKnownFileType = text.plist.strings; name = en; path = en.lproj/InfoPlist.strings; sourceTree = "<group>"; };
		5A56F0B614CD480300F7D75B /* main.m */ = {isa = PBXFileReference; lastKnownFileType = sourcecode.c.objc; path = main.m; sourceTree = "<group>"; };
		5A56F0B814CD480300F7D75B /* Tests-Prefix.pch */ = {isa = PBXFileReference; lastKnownFileType = sourcecode.c.h; path = "Tests-Prefix.pch"; sourceTree = "<group>"; };
		5A56F0C014CD482F00F7D75B /* GHUnitIOS.framework */ = {isa = PBXFileReference; lastKnownFileType = wrapper.framework; name = GHUnitIOS.framework; path = other/GHUnitIOS.framework; sourceTree = "<group>"; };
		5A7B0EB014B47315000314C0 /* 14-gear.png */ = {isa = PBXFileReference; lastKnownFileType = image.png; path = "14-gear.png"; sourceTree = "<group>"; };
		5A7B0EB114B47315000314C0 /* 14-gear@2x.png */ = {isa = PBXFileReference; lastKnownFileType = image.png; path = "14-gear@2x.png"; sourceTree = "<group>"; };
		5A86043414C2332F008D2C6A /* test222.tif */ = {isa = PBXFileReference; lastKnownFileType = image.tiff; path = test222.tif; sourceTree = "<group>"; };
		5A86044814C438CD008D2C6A /* NSData+Base64.h */ = {isa = PBXFileReference; fileEncoding = 4; lastKnownFileType = sourcecode.c.h; name = "NSData+Base64.h"; path = "other/NSData+Base64.h"; sourceTree = "<group>"; };
		5A86044914C438CD008D2C6A /* NSData+Base64.m */ = {isa = PBXFileReference; fileEncoding = 4; lastKnownFileType = sourcecode.c.objc; name = "NSData+Base64.m"; path = "other/NSData+Base64.m"; sourceTree = "<group>"; };
		5A86044E14C43D6D008D2C6A /* CFNetwork.framework */ = {isa = PBXFileReference; lastKnownFileType = wrapper.framework; name = CFNetwork.framework; path = System/Library/Frameworks/CFNetwork.framework; sourceTree = SDKROOT; };
		5A86046114C482E5008D2C6A /* NSData+MD5.h */ = {isa = PBXFileReference; fileEncoding = 4; lastKnownFileType = sourcecode.c.h; name = "NSData+MD5.h"; path = "other/NSData+MD5.h"; sourceTree = "<group>"; };
		5A86046214C482E5008D2C6A /* NSData+MD5.m */ = {isa = PBXFileReference; fileEncoding = 4; lastKnownFileType = sourcecode.c.objc; name = "NSData+MD5.m"; path = "other/NSData+MD5.m"; sourceTree = "<group>"; };
		5AAAD36614E525A200AFB2DC /* ImageCell.h */ = {isa = PBXFileReference; fileEncoding = 4; lastKnownFileType = sourcecode.c.h; name = ImageCell.h; path = Main/ImageCell.h; sourceTree = SOURCE_ROOT; };
		5AAAD36714E525A200AFB2DC /* ImageCell.m */ = {isa = PBXFileReference; fileEncoding = 4; lastKnownFileType = sourcecode.c.objc; name = ImageCell.m; path = Main/ImageCell.m; sourceTree = SOURCE_ROOT; };
		5AC6543714CF0A99004635D8 /* app_icon-57.png */ = {isa = PBXFileReference; lastKnownFileType = image.png; path = "app_icon-57.png"; sourceTree = "<group>"; };
		5AC6543B14CF0AAB004635D8 /* app_icon-114.png */ = {isa = PBXFileReference; lastKnownFileType = image.png; path = "app_icon-114.png"; sourceTree = "<group>"; };
		5AC6546D14D01F15004635D8 /* ImageCell.xib */ = {isa = PBXFileReference; fileEncoding = 4; lastKnownFileType = file.xib; name = ImageCell.xib; path = Main/ImageCell.xib; sourceTree = SOURCE_ROOT; };
		5AC6548814D16924004635D8 /* 01-refresh.png */ = {isa = PBXFileReference; lastKnownFileType = image.png; path = "01-refresh.png"; sourceTree = "<group>"; };
		5AC6548914D16924004635D8 /* 01-refresh@2x.png */ = {isa = PBXFileReference; lastKnownFileType = image.png; path = "01-refresh@2x.png"; sourceTree = "<group>"; };
		5AC6548C14D16942004635D8 /* 258-checkmark.png */ = {isa = PBXFileReference; lastKnownFileType = image.png; path = "258-checkmark.png"; sourceTree = "<group>"; };
		5AC6548D14D16942004635D8 /* 258-checkmark@2x.png */ = {isa = PBXFileReference; lastKnownFileType = image.png; path = "258-checkmark@2x.png"; sourceTree = "<group>"; };
		5AD8924B14C02275005595BA /* UIImage+Alpha.h */ = {isa = PBXFileReference; fileEncoding = 4; lastKnownFileType = sourcecode.c.h; name = "UIImage+Alpha.h"; path = "other/UIImage+Alpha.h"; sourceTree = "<group>"; };
		5AD8924C14C02275005595BA /* UIImage+Alpha.m */ = {isa = PBXFileReference; fileEncoding = 4; lastKnownFileType = sourcecode.c.objc; name = "UIImage+Alpha.m"; path = "other/UIImage+Alpha.m"; sourceTree = "<group>"; };
		5AD8924D14C02275005595BA /* UIImage+Resize.h */ = {isa = PBXFileReference; fileEncoding = 4; lastKnownFileType = sourcecode.c.h; name = "UIImage+Resize.h"; path = "other/UIImage+Resize.h"; sourceTree = "<group>"; };
		5AD8924E14C02275005595BA /* UIImage+Resize.m */ = {isa = PBXFileReference; fileEncoding = 4; lastKnownFileType = sourcecode.c.objc; name = "UIImage+Resize.m"; path = "other/UIImage+Resize.m"; sourceTree = "<group>"; };
		5AD8924F14C02275005595BA /* UIImage+RoundedCorner.h */ = {isa = PBXFileReference; fileEncoding = 4; lastKnownFileType = sourcecode.c.h; name = "UIImage+RoundedCorner.h"; path = "other/UIImage+RoundedCorner.h"; sourceTree = "<group>"; };
		5AD8925014C02276005595BA /* UIImage+RoundedCorner.m */ = {isa = PBXFileReference; fileEncoding = 4; lastKnownFileType = sourcecode.c.objc; name = "UIImage+RoundedCorner.m"; path = "other/UIImage+RoundedCorner.m"; sourceTree = "<group>"; };
		5AD8927014C02772005595BA /* SenTestingKit.framework */ = {isa = PBXFileReference; lastKnownFileType = wrapper.framework; name = SenTestingKit.framework; path = Library/Frameworks/SenTestingKit.framework; sourceTree = DEVELOPER_DIR; };
		5ADC3DB414CD8389004992F7 /* DbcConnectorTest.m */ = {isa = PBXFileReference; fileEncoding = 4; lastKnownFileType = sourcecode.c.objc; path = DbcConnectorTest.m; sourceTree = "<group>"; };
		5ADC3DC014CDBEDD004992F7 /* ImagePollerTest.m */ = {isa = PBXFileReference; fileEncoding = 4; lastKnownFileType = sourcecode.c.objc; path = ImagePollerTest.m; sourceTree = "<group>"; };
		5AE1FB4714D7E4FD00151025 /* RequestTest.m */ = {isa = PBXFileReference; fileEncoding = 4; lastKnownFileType = sourcecode.c.objc; path = RequestTest.m; sourceTree = "<group>"; };
		5AE2E69B14DBF552009AD7D1 /* en */ = {isa = PBXFileReference; lastKnownFileType = text.plist.strings; name = en; path = Main/en.lproj/Localizable.strings; sourceTree = SOURCE_ROOT; };
		5AE2E69D14DBF56C009AD7D1 /* de */ = {isa = PBXFileReference; lastKnownFileType = text.plist.strings; name = de; path = Main/de.lproj/Localizable.strings; sourceTree = SOURCE_ROOT; };
		5AED50E914CEF7CD00D8B6BB /* Graf-Info.plist */ = {isa = PBXFileReference; fileEncoding = 4; lastKnownFileType = text.plist.xml; name = "Graf-Info.plist"; path = "Main/Graf-Info.plist"; sourceTree = SOURCE_ROOT; };
		5AED50EA14CEF7CD00D8B6BB /* Graf-Prefix.pch */ = {isa = PBXFileReference; fileEncoding = 4; lastKnownFileType = sourcecode.c.h; name = "Graf-Prefix.pch"; path = "Main/Graf-Prefix.pch"; sourceTree = SOURCE_ROOT; };
		5AED50EB14CEF7CD00D8B6BB /* main.m */ = {isa = PBXFileReference; fileEncoding = 4; lastKnownFileType = sourcecode.c.objc; name = main.m; path = Main/main.m; sourceTree = SOURCE_ROOT; };
		5AED50F114CEF80400D8B6BB /* en */ = {isa = PBXFileReference; lastKnownFileType = text.plist.strings; name = en; path = Main/en.lproj/InfoPlist.strings; sourceTree = SOURCE_ROOT; };
		5AED50F314CEF81500D8B6BB /* AppDelegate.h */ = {isa = PBXFileReference; fileEncoding = 4; lastKnownFileType = sourcecode.c.h; name = AppDelegate.h; path = Main/AppDelegate.h; sourceTree = SOURCE_ROOT; };
		5AED50F414CEF81500D8B6BB /* AppDelegate.m */ = {isa = PBXFileReference; fileEncoding = 4; lastKnownFileType = sourcecode.c.objc; name = AppDelegate.m; path = Main/AppDelegate.m; sourceTree = SOURCE_ROOT; };
		5AED50F514CEF81500D8B6BB /* Constants.h */ = {isa = PBXFileReference; fileEncoding = 4; lastKnownFileType = sourcecode.c.h; name = Constants.h; path = Main/Constants.h; sourceTree = SOURCE_ROOT; };
		5AED50F614CEF81500D8B6BB /* Constants.m */ = {isa = PBXFileReference; fileEncoding = 4; lastKnownFileType = sourcecode.c.objc; name = Constants.m; path = Main/Constants.m; sourceTree = SOURCE_ROOT; };
		5AED50FF14CEF85F00D8B6BB /* VideoViewController.h */ = {isa = PBXFileReference; fileEncoding = 4; lastKnownFileType = sourcecode.c.h; name = VideoViewController.h; path = Main/VideoViewController.h; sourceTree = SOURCE_ROOT; };
		5AED510014CEF85F00D8B6BB /* VideoViewController.m */ = {isa = PBXFileReference; fileEncoding = 4; lastKnownFileType = sourcecode.c.objc; name = VideoViewController.m; path = Main/VideoViewController.m; sourceTree = SOURCE_ROOT; };
		5AED510114CEF85F00D8B6BB /* VideoViewController.xib */ = {isa = PBXFileReference; fileEncoding = 4; lastKnownFileType = file.xib; name = VideoViewController.xib; path = Main/VideoViewController.xib; sourceTree = SOURCE_ROOT; };
		5AF582C514D2A4A7007942AD /* ImageProcessorTest.m */ = {isa = PBXFileReference; fileEncoding = 4; lastKnownFileType = sourcecode.c.objc; path = ImageProcessorTest.m; sourceTree = "<group>"; };
/* End PBXFileReference section */

/* Begin PBXFrameworksBuildPhase section */
		5A2263C014B1FB190078EBEF /* Frameworks */ = {
			isa = PBXFrameworksBuildPhase;
			buildActionMask = 2147483647;
			files = (
				5A4FFFD614EBB11D00E02965 /* TouchDB.framework in Frameworks */,
				5A4FFFD514EBB11600E02965 /* CouchCocoa.framework in Frameworks */,
				5A29CAA314E3C38A00AE26D7 /* libz.dylib in Frameworks */,
				5A29CAA114E2ED1000AE26D7 /* libsqlite3.dylib in Frameworks */,
				5A86044F14C43D6D008D2C6A /* CFNetwork.framework in Frameworks */,
				5A4766F014B5ED5D00D8FA66 /* CoreMedia.framework in Frameworks */,
				5A4766EC14B5ED2600D8FA66 /* CoreVideo.framework in Frameworks */,
				5A4766E414B5E0F900D8FA66 /* AVFoundation.framework in Frameworks */,
				5A2263C814B1FB190078EBEF /* UIKit.framework in Frameworks */,
				5A2263CA14B1FB190078EBEF /* Foundation.framework in Frameworks */,
				5A2263CC14B1FB190078EBEF /* CoreGraphics.framework in Frameworks */,
			);
			runOnlyForDeploymentPostprocessing = 0;
		};
		5A56F0A814CD480300F7D75B /* Frameworks */ = {
			isa = PBXFrameworksBuildPhase;
			buildActionMask = 2147483647;
			files = (
				5A56F0AD14CD480300F7D75B /* UIKit.framework in Frameworks */,
				5A56F0AE14CD480300F7D75B /* Foundation.framework in Frameworks */,
				5A56F0AF14CD480300F7D75B /* CoreGraphics.framework in Frameworks */,
				5A56F0C114CD482F00F7D75B /* GHUnitIOS.framework in Frameworks */,
				5ADC3DB214CD718D004992F7 /* CFNetwork.framework in Frameworks */,
			);
			runOnlyForDeploymentPostprocessing = 0;
		};
/* End PBXFrameworksBuildPhase section */

/* Begin PBXGroup section */
		5A2263B814B1FB190078EBEF = {
			isa = PBXGroup;
			children = (
				5A4FFF9F14EBB0AB00E02965 /* TouchDB.xcodeproj */,
				5A4FFF8114EBB0A500E02965 /* CouchCocoa.xcodeproj */,
				5A2263CD14B1FB190078EBEF /* Main */,
				5A2263E414B312450078EBEF /* Other */,
				5A7B0EAF14B47315000314C0 /* Resources */,
				5A56F0B014CD480300F7D75B /* Tests */,
				5A2263C614B1FB190078EBEF /* Frameworks */,
				5A2263C414B1FB190078EBEF /* Products */,
			);
			sourceTree = "<group>";
		};
		5A2263C414B1FB190078EBEF /* Products */ = {
			isa = PBXGroup;
			children = (
				5A2263C314B1FB190078EBEF /* Graf.app */,
				5A56F0AB14CD480300F7D75B /* Tests.app */,
			);
			name = Products;
			sourceTree = "<group>";
		};
		5A2263C614B1FB190078EBEF /* Frameworks */ = {
			isa = PBXGroup;
			children = (
				5A29CAA214E3C38A00AE26D7 /* libz.dylib */,
				5A29CAA014E2ED1000AE26D7 /* libsqlite3.dylib */,
				5A86044E14C43D6D008D2C6A /* CFNetwork.framework */,
				5A56F0C014CD482F00F7D75B /* GHUnitIOS.framework */,
				5A4766EF14B5ED5D00D8FA66 /* CoreMedia.framework */,
				5A4766EB14B5ED2600D8FA66 /* CoreVideo.framework */,
				5A4766E314B5E0F900D8FA66 /* AVFoundation.framework */,
				5A2263C714B1FB190078EBEF /* UIKit.framework */,
				5A2263C914B1FB190078EBEF /* Foundation.framework */,
				5A2263CB14B1FB190078EBEF /* CoreGraphics.framework */,
				5AD8927014C02772005595BA /* SenTestingKit.framework */,
			);
			name = Frameworks;
			sourceTree = "<group>";
		};
		5A2263CD14B1FB190078EBEF /* Main */ = {
			isa = PBXGroup;
			children = (
				5AED50F314CEF81500D8B6BB /* AppDelegate.h */,
				5AED50F414CEF81500D8B6BB /* AppDelegate.m */,
				5AED50F514CEF81500D8B6BB /* Constants.h */,
				5AED50F614CEF81500D8B6BB /* Constants.m */,
				5A43CF2314EAC0290002A69C /* Image.h */,
				5A43CF2414EAC0290002A69C /* Image.m */,
				5AED50FF14CEF85F00D8B6BB /* VideoViewController.h */,
				5AED510014CEF85F00D8B6BB /* VideoViewController.m */,
				5AED510114CEF85F00D8B6BB /* VideoViewController.xib */,
				5AAAD36614E525A200AFB2DC /* ImageCell.h */,
				5AAAD36714E525A200AFB2DC /* ImageCell.m */,
				5AC6546D14D01F15004635D8 /* ImageCell.xib */,
				5AE2E67B14DBEB63009AD7D1 /* Network */,
				5A2263CE14B1FB190078EBEF /* Supporting Files */,
			);
			name = Main;
			path = Sinma;
			sourceTree = "<group>";
		};
		5A2263CE14B1FB190078EBEF /* Supporting Files */ = {
			isa = PBXGroup;
			children = (
				5AED50E914CEF7CD00D8B6BB /* Graf-Info.plist */,
				5AED50EA14CEF7CD00D8B6BB /* Graf-Prefix.pch */,
				5AED50F014CEF80400D8B6BB /* InfoPlist.strings */,
				5AE2E69A14DBF552009AD7D1 /* Localizable.strings */,
				5AED50EB14CEF7CD00D8B6BB /* main.m */,
			);
			name = "Supporting Files";
			sourceTree = "<group>";
		};
		5A2263E414B312450078EBEF /* Other */ = {
			isa = PBXGroup;
			children = (
				5A86046114C482E5008D2C6A /* NSData+MD5.h */,
				5A86046214C482E5008D2C6A /* NSData+MD5.m */,
				5A86044814C438CD008D2C6A /* NSData+Base64.h */,
				5A86044914C438CD008D2C6A /* NSData+Base64.m */,
				5AD8924B14C02275005595BA /* UIImage+Alpha.h */,
				5AD8924C14C02275005595BA /* UIImage+Alpha.m */,
				5AD8924D14C02275005595BA /* UIImage+Resize.h */,
				5AD8924E14C02275005595BA /* UIImage+Resize.m */,
				5AD8924F14C02275005595BA /* UIImage+RoundedCorner.h */,
				5AD8925014C02276005595BA /* UIImage+RoundedCorner.m */,
			);
			name = Other;
			sourceTree = "<group>";
		};
		5A4FFF8214EBB0A500E02965 /* Products */ = {
			isa = PBXGroup;
			children = (
				5A4FFF9214EBB0A500E02965 /* CouchCocoa.framework */,
				5A4FFF9414EBB0A500E02965 /* Mac Tests.octest */,
				5A4FFF9614EBB0A500E02965 /* Addresses.app */,
				5A4FFF9814EBB0A500E02965 /* Shopping.app */,
				5A4FFF9A14EBB0A500E02965 /* CouchCocoa.framework */,
				5A4FFF9C14EBB0A500E02965 /* libCouchCocoa.a */,
				5A4FFF9E14EBB0A500E02965 /* iOS Tests.octest */,
			);
			name = Products;
			sourceTree = "<group>";
		};
		5A4FFFA014EBB0AB00E02965 /* Products */ = {
			isa = PBXGroup;
			children = (
				5A4FFFB814EBB0AB00E02965 /* TouchDB.framework */,
				5A4FFFBA14EBB0AB00E02965 /* TouchDBListener.framework */,
				5A4FFFBC14EBB0AB00E02965 /* TouchDBTests.octest */,
				5A4FFFBE14EBB0AB00E02965 /* TouchDB Demo.app */,
				5A4FFFC014EBB0AB00E02965 /* TouchDB */,
				5A4FFFC214EBB0AB00E02965 /* libTouchDB.a */,
				5A4FFFC414EBB0AB00E02965 /* TouchDBiOSTests.octest */,
				5A4FFFC614EBB0AB00E02965 /* TouchDB.framework */,
				5A4FFFC814EBB0AB00E02965 /* TouchDB Demo.app */,
				5A4FFFCA14EBB0AB00E02965 /* TouchDB Empty App.app */,
				5A4FFFCC14EBB0AB00E02965 /* libTouchDBListener.a */,
				5A4FFFCE14EBB0AB00E02965 /* TouchDBListener.framework */,
				5A4FFFD014EBB0AB00E02965 /* TouchServ */,
			);
			name = Products;
			sourceTree = "<group>";
		};
		5A56F0B014CD480300F7D75B /* Tests */ = {
			isa = PBXGroup;
			children = (
				5A56F0B114CD480300F7D75B /* Supporting Files */,
				5ADC3DB414CD8389004992F7 /* DbcConnectorTest.m */,
				5ADC3DC014CDBEDD004992F7 /* ImagePollerTest.m */,
				5AF582C514D2A4A7007942AD /* ImageProcessorTest.m */,
				5AE1FB4714D7E4FD00151025 /* RequestTest.m */,
			);
			path = Tests;
			sourceTree = "<group>";
		};
		5A56F0B114CD480300F7D75B /* Supporting Files */ = {
			isa = PBXGroup;
			children = (
				5A56F0B214CD480300F7D75B /* Tests-Info.plist */,
				5A56F0B314CD480300F7D75B /* InfoPlist.strings */,
				5A56F0B614CD480300F7D75B /* main.m */,
				5A56F0B814CD480300F7D75B /* Tests-Prefix.pch */,
			);
			name = "Supporting Files";
			sourceTree = "<group>";
		};
		5A7B0EAF14B47315000314C0 /* Resources */ = {
			isa = PBXGroup;
			children = (
				5AC6548C14D16942004635D8 /* 258-checkmark.png */,
				5AC6548D14D16942004635D8 /* 258-checkmark@2x.png */,
				5AC6548814D16924004635D8 /* 01-refresh.png */,
				5AC6548914D16924004635D8 /* 01-refresh@2x.png */,
				5AC6543714CF0A99004635D8 /* app_icon-57.png */,
				5AC6543B14CF0AAB004635D8 /* app_icon-114.png */,
				5A86043414C2332F008D2C6A /* test222.tif */,
				5A7B0EB014B47315000314C0 /* 14-gear.png */,
				5A7B0EB114B47315000314C0 /* 14-gear@2x.png */,
			);
			path = Resources;
			sourceTree = "<group>";
		};
		5AE2E67B14DBEB63009AD7D1 /* Network */ = {
			isa = PBXGroup;
			children = (
			);
			name = Network;
			sourceTree = "<group>";
		};
/* End PBXGroup section */

/* Begin PBXNativeTarget section */
		5A2263C214B1FB190078EBEF /* Graf */ = {
			isa = PBXNativeTarget;
			buildConfigurationList = 5A2263E114B1FB190078EBEF /* Build configuration list for PBXNativeTarget "Graf" */;
			buildPhases = (
				5A2263BF14B1FB190078EBEF /* Sources */,
				5A2263C014B1FB190078EBEF /* Frameworks */,
				5A2263C114B1FB190078EBEF /* Resources */,
				5A07286914B4BE790089CF6F /* ShellScript */,
			);
			buildRules = (
			);
			dependencies = (
				5A4FFFD414EBB0BD00E02965 /* PBXTargetDependency */,
				5A4FFFD214EBB0B600E02965 /* PBXTargetDependency */,
			);
			name = Graf;
			productName = Sinma;
			productReference = 5A2263C314B1FB190078EBEF /* Graf.app */;
			productType = "com.apple.product-type.application";
		};
		5A56F0AA14CD480300F7D75B /* Tests */ = {
			isa = PBXNativeTarget;
			buildConfigurationList = 5A56F0BE14CD480300F7D75B /* Build configuration list for PBXNativeTarget "Tests" */;
			buildPhases = (
				5A56F0A714CD480300F7D75B /* Sources */,
				5A56F0A814CD480300F7D75B /* Frameworks */,
				5A56F0A914CD480300F7D75B /* Resources */,
			);
			buildRules = (
			);
			dependencies = (
			);
			name = Tests;
			productName = Tests;
			productReference = 5A56F0AB14CD480300F7D75B /* Tests.app */;
			productType = "com.apple.product-type.application";
		};
/* End PBXNativeTarget section */

/* Begin PBXProject section */
		5A2263BA14B1FB190078EBEF /* Project object */ = {
			isa = PBXProject;
			attributes = {
				LastUpgradeCheck = 0420;
				ORGANIZATIONNAME = "abstracture GmbH & Co. KG";
			};
			buildConfigurationList = 5A2263BD14B1FB190078EBEF /* Build configuration list for PBXProject "Graf" */;
			compatibilityVersion = "Xcode 3.2";
			developmentRegion = English;
			hasScannedForEncodings = 0;
			knownRegions = (
				en,
				de,
			);
			mainGroup = 5A2263B814B1FB190078EBEF;
			productRefGroup = 5A2263C414B1FB190078EBEF /* Products */;
			projectDirPath = "";
			projectReferences = (
				{
					ProductGroup = 5A4FFF8214EBB0A500E02965 /* Products */;
					ProjectRef = 5A4FFF8114EBB0A500E02965 /* CouchCocoa.xcodeproj */;
				},
				{
					ProductGroup = 5A4FFFA014EBB0AB00E02965 /* Products */;
					ProjectRef = 5A4FFF9F14EBB0AB00E02965 /* TouchDB.xcodeproj */;
				},
			);
			projectRoot = "";
			targets = (
				5A2263C214B1FB190078EBEF /* Graf */,
				5A56F0AA14CD480300F7D75B /* Tests */,
			);
		};
/* End PBXProject section */

/* Begin PBXReferenceProxy section */
		5A4FFF9214EBB0A500E02965 /* CouchCocoa.framework */ = {
			isa = PBXReferenceProxy;
			fileType = wrapper.framework;
			path = CouchCocoa.framework;
			remoteRef = 5A4FFF9114EBB0A500E02965 /* PBXContainerItemProxy */;
			sourceTree = BUILT_PRODUCTS_DIR;
		};
		5A4FFF9414EBB0A500E02965 /* Mac Tests.octest */ = {
			isa = PBXReferenceProxy;
			fileType = wrapper.cfbundle;
			path = "Mac Tests.octest";
			remoteRef = 5A4FFF9314EBB0A500E02965 /* PBXContainerItemProxy */;
			sourceTree = BUILT_PRODUCTS_DIR;
		};
		5A4FFF9614EBB0A500E02965 /* Addresses.app */ = {
			isa = PBXReferenceProxy;
			fileType = wrapper.application;
			path = Addresses.app;
			remoteRef = 5A4FFF9514EBB0A500E02965 /* PBXContainerItemProxy */;
			sourceTree = BUILT_PRODUCTS_DIR;
		};
		5A4FFF9814EBB0A500E02965 /* Shopping.app */ = {
			isa = PBXReferenceProxy;
			fileType = wrapper.application;
			path = Shopping.app;
			remoteRef = 5A4FFF9714EBB0A500E02965 /* PBXContainerItemProxy */;
			sourceTree = BUILT_PRODUCTS_DIR;
		};
		5A4FFF9A14EBB0A500E02965 /* CouchCocoa.framework */ = {
			isa = PBXReferenceProxy;
			fileType = wrapper.cfbundle;
			path = CouchCocoa.framework;
			remoteRef = 5A4FFF9914EBB0A500E02965 /* PBXContainerItemProxy */;
			sourceTree = BUILT_PRODUCTS_DIR;
		};
		5A4FFF9C14EBB0A500E02965 /* libCouchCocoa.a */ = {
			isa = PBXReferenceProxy;
			fileType = archive.ar;
			path = libCouchCocoa.a;
			remoteRef = 5A4FFF9B14EBB0A500E02965 /* PBXContainerItemProxy */;
			sourceTree = BUILT_PRODUCTS_DIR;
		};
		5A4FFF9E14EBB0A500E02965 /* iOS Tests.octest */ = {
			isa = PBXReferenceProxy;
			fileType = wrapper.cfbundle;
			path = "iOS Tests.octest";
			remoteRef = 5A4FFF9D14EBB0A500E02965 /* PBXContainerItemProxy */;
			sourceTree = BUILT_PRODUCTS_DIR;
		};
		5A4FFFB814EBB0AB00E02965 /* TouchDB.framework */ = {
			isa = PBXReferenceProxy;
			fileType = wrapper.framework;
			path = TouchDB.framework;
			remoteRef = 5A4FFFB714EBB0AB00E02965 /* PBXContainerItemProxy */;
			sourceTree = BUILT_PRODUCTS_DIR;
		};
		5A4FFFBA14EBB0AB00E02965 /* TouchDBListener.framework */ = {
			isa = PBXReferenceProxy;
			fileType = wrapper.framework;
			path = TouchDBListener.framework;
			remoteRef = 5A4FFFB914EBB0AB00E02965 /* PBXContainerItemProxy */;
			sourceTree = BUILT_PRODUCTS_DIR;
		};
		5A4FFFBC14EBB0AB00E02965 /* TouchDBTests.octest */ = {
			isa = PBXReferenceProxy;
			fileType = wrapper.cfbundle;
			path = TouchDBTests.octest;
			remoteRef = 5A4FFFBB14EBB0AB00E02965 /* PBXContainerItemProxy */;
			sourceTree = BUILT_PRODUCTS_DIR;
		};
		5A4FFFBE14EBB0AB00E02965 /* TouchDB Demo.app */ = {
			isa = PBXReferenceProxy;
			fileType = wrapper.application;
			path = "TouchDB Demo.app";
			remoteRef = 5A4FFFBD14EBB0AB00E02965 /* PBXContainerItemProxy */;
			sourceTree = BUILT_PRODUCTS_DIR;
		};
		5A4FFFC014EBB0AB00E02965 /* TouchDB */ = {
			isa = PBXReferenceProxy;
			fileType = "compiled.mach-o.executable";
			path = TouchDB;
			remoteRef = 5A4FFFBF14EBB0AB00E02965 /* PBXContainerItemProxy */;
			sourceTree = BUILT_PRODUCTS_DIR;
		};
		5A4FFFC214EBB0AB00E02965 /* libTouchDB.a */ = {
			isa = PBXReferenceProxy;
			fileType = archive.ar;
			path = libTouchDB.a;
			remoteRef = 5A4FFFC114EBB0AB00E02965 /* PBXContainerItemProxy */;
			sourceTree = BUILT_PRODUCTS_DIR;
		};
		5A4FFFC414EBB0AB00E02965 /* TouchDBiOSTests.octest */ = {
			isa = PBXReferenceProxy;
			fileType = wrapper.cfbundle;
			path = TouchDBiOSTests.octest;
			remoteRef = 5A4FFFC314EBB0AB00E02965 /* PBXContainerItemProxy */;
			sourceTree = BUILT_PRODUCTS_DIR;
		};
		5A4FFFC614EBB0AB00E02965 /* TouchDB.framework */ = {
			isa = PBXReferenceProxy;
			fileType = wrapper.cfbundle;
			path = TouchDB.framework;
			remoteRef = 5A4FFFC514EBB0AB00E02965 /* PBXContainerItemProxy */;
			sourceTree = BUILT_PRODUCTS_DIR;
		};
		5A4FFFC814EBB0AB00E02965 /* TouchDB Demo.app */ = {
			isa = PBXReferenceProxy;
			fileType = wrapper.application;
			path = "TouchDB Demo.app";
			remoteRef = 5A4FFFC714EBB0AB00E02965 /* PBXContainerItemProxy */;
			sourceTree = BUILT_PRODUCTS_DIR;
		};
		5A4FFFCA14EBB0AB00E02965 /* TouchDB Empty App.app */ = {
			isa = PBXReferenceProxy;
			fileType = wrapper.application;
			path = "TouchDB Empty App.app";
			remoteRef = 5A4FFFC914EBB0AB00E02965 /* PBXContainerItemProxy */;
			sourceTree = BUILT_PRODUCTS_DIR;
		};
		5A4FFFCC14EBB0AB00E02965 /* libTouchDBListener.a */ = {
			isa = PBXReferenceProxy;
			fileType = archive.ar;
			path = libTouchDBListener.a;
			remoteRef = 5A4FFFCB14EBB0AB00E02965 /* PBXContainerItemProxy */;
			sourceTree = BUILT_PRODUCTS_DIR;
		};
		5A4FFFCE14EBB0AB00E02965 /* TouchDBListener.framework */ = {
			isa = PBXReferenceProxy;
			fileType = wrapper.cfbundle;
			path = TouchDBListener.framework;
			remoteRef = 5A4FFFCD14EBB0AB00E02965 /* PBXContainerItemProxy */;
			sourceTree = BUILT_PRODUCTS_DIR;
		};
		5A4FFFD014EBB0AB00E02965 /* TouchServ */ = {
			isa = PBXReferenceProxy;
			fileType = "compiled.mach-o.executable";
			path = TouchServ;
			remoteRef = 5A4FFFCF14EBB0AB00E02965 /* PBXContainerItemProxy */;
			sourceTree = BUILT_PRODUCTS_DIR;
		};
/* End PBXReferenceProxy section */

/* Begin PBXResourcesBuildPhase section */
		5A2263C114B1FB190078EBEF /* Resources */ = {
			isa = PBXResourcesBuildPhase;
			buildActionMask = 2147483647;
			files = (
				5A7B0EB214B47315000314C0 /* 14-gear.png in Resources */,
				5A7B0EB314B47315000314C0 /* 14-gear@2x.png in Resources */,
				5AED50F214CEF80400D8B6BB /* InfoPlist.strings in Resources */,
				5AED510514CEF85F00D8B6BB /* VideoViewController.xib in Resources */,
				5AC6543914CF0A99004635D8 /* app_icon-57.png in Resources */,
				5AC6543C14CF0AAB004635D8 /* app_icon-114.png in Resources */,
				5AC6546E14D01F15004635D8 /* ImageCell.xib in Resources */,
				5AC6548A14D16924004635D8 /* 01-refresh.png in Resources */,
				5AC6548B14D16924004635D8 /* 01-refresh@2x.png in Resources */,
				5AC6548E14D16942004635D8 /* 258-checkmark.png in Resources */,
				5AC6548F14D16942004635D8 /* 258-checkmark@2x.png in Resources */,
				5AE2E69C14DBF552009AD7D1 /* Localizable.strings in Resources */,
				5AE2E69F14DC0E0C009AD7D1 /* test222.tif in Resources */,
			);
			runOnlyForDeploymentPostprocessing = 0;
		};
		5A56F0A914CD480300F7D75B /* Resources */ = {
			isa = PBXResourcesBuildPhase;
			buildActionMask = 2147483647;
			files = (
				5A56F0B514CD480300F7D75B /* InfoPlist.strings in Resources */,
				5ADC3DB614CD8EC3004992F7 /* test222.tif in Resources */,
			);
			runOnlyForDeploymentPostprocessing = 0;
		};
/* End PBXResourcesBuildPhase section */

/* Begin PBXShellScriptBuildPhase section */
		5A07286914B4BE790089CF6F /* ShellScript */ = {
			isa = PBXShellScriptBuildPhase;
			buildActionMask = 2147483647;
			files = (
			);
			inputPaths = (
			);
			outputPaths = (
			);
			runOnlyForDeploymentPostprocessing = 0;
			shellPath = /bin/sh;
			shellScript = "git status\nversion=$(git describe --tags --dirty)\n\n# version can be empty when there are no tags, use rev-parse in that case\n# to log the last commit id\nif [[ -z \"$version\" ]]; then\ndiff=$(git diff)\nversion=$(git rev-parse --short HEAD)\n\nif [[ -n \"$diff\" ]]; then\nversion=${version}-dirty\nfi\nfi\n\necho version: $version\n\ninfo_plist=$BUILT_PRODUCTS_DIR/$PRODUCT_NAME.app/Info.plist\n/usr/libexec/PlistBuddy -c \"Set :CFBundleVersion $version\" $info_plist";
		};
/* End PBXShellScriptBuildPhase section */

/* Begin PBXSourcesBuildPhase section */
		5A2263BF14B1FB190078EBEF /* Sources */ = {
			isa = PBXSourcesBuildPhase;
			buildActionMask = 2147483647;
			files = (
				5AD8925214C02276005595BA /* UIImage+Alpha.m in Sources */,
				5AD8925314C02276005595BA /* UIImage+Resize.m in Sources */,
				5AD8925414C02276005595BA /* UIImage+RoundedCorner.m in Sources */,
				5A86044C14C438CD008D2C6A /* NSData+Base64.m in Sources */,
				5A86046314C482E5008D2C6A /* NSData+MD5.m in Sources */,
				5AED50ED14CEF7CD00D8B6BB /* main.m in Sources */,
				5AED50F914CEF81500D8B6BB /* AppDelegate.m in Sources */,
				5AED50FA14CEF81500D8B6BB /* Constants.m in Sources */,
				5AED510414CEF85F00D8B6BB /* VideoViewController.m in Sources */,
				5AAAD36814E525A200AFB2DC /* ImageCell.m in Sources */,
				5A43CF2514EAC0290002A69C /* Image.m in Sources */,
			);
			runOnlyForDeploymentPostprocessing = 0;
		};
		5A56F0A714CD480300F7D75B /* Sources */ = {
			isa = PBXSourcesBuildPhase;
			buildActionMask = 2147483647;
			files = (
				5A56F0B714CD480300F7D75B /* main.m in Sources */,
				5ADC3DAE14CD7137004992F7 /* NSData+MD5.m in Sources */,
				5ADC3DB014CD713F004992F7 /* NSData+Base64.m in Sources */,
				5ADC3DB514CD8389004992F7 /* DbcConnectorTest.m in Sources */,
				5ADC3DC114CDBEDD004992F7 /* ImagePollerTest.m in Sources */,
				5AF582C614D2A4A7007942AD /* ImageProcessorTest.m in Sources */,
				5AE1FB4814D7E4FD00151025 /* RequestTest.m in Sources */,
			);
			runOnlyForDeploymentPostprocessing = 0;
		};
/* End PBXSourcesBuildPhase section */

/* Begin PBXTargetDependency section */
		5A4FFFD214EBB0B600E02965 /* PBXTargetDependency */ = {
			isa = PBXTargetDependency;
			name = "iOS Framework";
			targetProxy = 5A4FFFD114EBB0B600E02965 /* PBXContainerItemProxy */;
		};
		5A4FFFD414EBB0BD00E02965 /* PBXTargetDependency */ = {
			isa = PBXTargetDependency;
			name = "iOS Framework";
			targetProxy = 5A4FFFD314EBB0BD00E02965 /* PBXContainerItemProxy */;
		};
/* End PBXTargetDependency section */

/* Begin PBXVariantGroup section */
		5A56F0B314CD480300F7D75B /* InfoPlist.strings */ = {
			isa = PBXVariantGroup;
			children = (
				5A56F0B414CD480300F7D75B /* en */,
			);
			name = InfoPlist.strings;
			sourceTree = "<group>";
		};
		5AE2E69A14DBF552009AD7D1 /* Localizable.strings */ = {
			isa = PBXVariantGroup;
			children = (
				5AE2E69B14DBF552009AD7D1 /* en */,
				5AE2E69D14DBF56C009AD7D1 /* de */,
			);
			name = Localizable.strings;
			sourceTree = "<group>";
		};
		5AED50F014CEF80400D8B6BB /* InfoPlist.strings */ = {
			isa = PBXVariantGroup;
			children = (
				5AED50F114CEF80400D8B6BB /* en */,
			);
			name = InfoPlist.strings;
			sourceTree = "<group>";
		};
/* End PBXVariantGroup section */

/* Begin XCBuildConfiguration section */
		5A2263DF14B1FB190078EBEF /* Debug */ = {
			isa = XCBuildConfiguration;
			buildSettings = {
				ALWAYS_SEARCH_USER_PATHS = NO;
				ARCHS = "$(ARCHS_STANDARD_32_BIT)";
				CLANG_ENABLE_OBJC_ARC = YES;
				"CODE_SIGN_IDENTITY[sdk=iphoneos*]" = "iPhone Developer";
				COPY_PHASE_STRIP = NO;
				GCC_C_LANGUAGE_STANDARD = gnu99;
				GCC_DYNAMIC_NO_PIC = NO;
				GCC_OPTIMIZATION_LEVEL = 0;
				GCC_PREPROCESSOR_DEFINITIONS = (
					"DEBUG=1",
					"$(inherited)",
				);
				GCC_SYMBOLS_PRIVATE_EXTERN = NO;
				GCC_VERSION = com.apple.compilers.llvm.clang.1_0;
				GCC_WARN_ABOUT_MISSING_PROTOTYPES = YES;
				GCC_WARN_ABOUT_RETURN_TYPE = YES;
				GCC_WARN_UNUSED_VARIABLE = YES;
				HEADER_SEARCH_PATHS = "";
				IPHONEOS_DEPLOYMENT_TARGET = 5.0;
				SDKROOT = iphoneos;
			};
			name = Debug;
		};
		5A2263E014B1FB190078EBEF /* Release */ = {
			isa = XCBuildConfiguration;
			buildSettings = {
				ALWAYS_SEARCH_USER_PATHS = NO;
				ARCHS = "$(ARCHS_STANDARD_32_BIT)";
				CLANG_ENABLE_OBJC_ARC = YES;
				"CODE_SIGN_IDENTITY[sdk=iphoneos*]" = "iPhone Developer";
				COPY_PHASE_STRIP = YES;
				GCC_C_LANGUAGE_STANDARD = gnu99;
				GCC_VERSION = com.apple.compilers.llvm.clang.1_0;
				GCC_WARN_ABOUT_MISSING_PROTOTYPES = YES;
				GCC_WARN_ABOUT_RETURN_TYPE = YES;
				GCC_WARN_UNUSED_VARIABLE = YES;
				HEADER_SEARCH_PATHS = "";
				IPHONEOS_DEPLOYMENT_TARGET = 5.0;
				OTHER_CFLAGS = "-DNS_BLOCK_ASSERTIONS=1";
				SDKROOT = iphoneos;
				VALIDATE_PRODUCT = YES;
			};
			name = Release;
		};
		5A2263E214B1FB190078EBEF /* Debug */ = {
			isa = XCBuildConfiguration;
			buildSettings = {
				FRAMEWORK_SEARCH_PATHS = "$(inherited)";
				GCC_PRECOMPILE_PREFIX_HEADER = YES;
				GCC_PREFIX_HEADER = "Main/Graf-Prefix.pch";
				INFOPLIST_FILE = "Main/Graf-Info.plist";
				IPHONEOS_DEPLOYMENT_TARGET = 5.0;
				LIBRARY_SEARCH_PATHS = "$(inherited)";
				OTHER_LDFLAGS = "-ObjC";
				PRODUCT_NAME = Graf;
				TARGETED_DEVICE_FAMILY = 1;
				WRAPPER_EXTENSION = app;
			};
			name = Debug;
		};
		5A2263E314B1FB190078EBEF /* Release */ = {
			isa = XCBuildConfiguration;
			buildSettings = {
				FRAMEWORK_SEARCH_PATHS = "$(inherited)";
				GCC_PRECOMPILE_PREFIX_HEADER = YES;
				GCC_PREFIX_HEADER = "Main/Graf-Prefix.pch";
				INFOPLIST_FILE = "Main/Graf-Info.plist";
				IPHONEOS_DEPLOYMENT_TARGET = 5.0;
				LIBRARY_SEARCH_PATHS = "$(inherited)";
				OTHER_LDFLAGS = "-ObjC";
				PRODUCT_NAME = Graf;
				TARGETED_DEVICE_FAMILY = 1;
				WRAPPER_EXTENSION = app;
			};
			name = Release;
		};
		5A56F0BC14CD480300F7D75B /* Debug */ = {
			isa = XCBuildConfiguration;
			buildSettings = {
				"CODE_SIGN_IDENTITY[sdk=iphoneos*]" = "iPhone Developer";
				FRAMEWORK_SEARCH_PATHS = (
					"$(inherited)",
					"\"$(SRCROOT)/other\"",
				);
				GCC_PRECOMPILE_PREFIX_HEADER = YES;
				GCC_PREFIX_HEADER = "Tests/Tests-Prefix.pch";
				INFOPLIST_FILE = "Tests/Tests-Info.plist";
				OTHER_LDFLAGS = (
					"-ObjC",
					"-all_load",
				);
				PRODUCT_NAME = "$(TARGET_NAME)";
				WRAPPER_EXTENSION = app;
			};
			name = Debug;
		};
		5A56F0BD14CD480300F7D75B /* Release */ = {
			isa = XCBuildConfiguration;
			buildSettings = {
				"CODE_SIGN_IDENTITY[sdk=iphoneos*]" = "iPhone Developer";
				FRAMEWORK_SEARCH_PATHS = (
					"$(inherited)",
					"\"$(SRCROOT)/other\"",
				);
				GCC_PRECOMPILE_PREFIX_HEADER = YES;
				GCC_PREFIX_HEADER = "Tests/Tests-Prefix.pch";
				INFOPLIST_FILE = "Tests/Tests-Info.plist";
				OTHER_LDFLAGS = (
					"-ObjC",
					"-all_load",
				);
				PRODUCT_NAME = "$(TARGET_NAME)";
				WRAPPER_EXTENSION = app;
			};
			name = Release;
		};
/* End XCBuildConfiguration section */

/* Begin XCConfigurationList section */
		5A2263BD14B1FB190078EBEF /* Build configuration list for PBXProject "Graf" */ = {
			isa = XCConfigurationList;
			buildConfigurations = (
				5A2263DF14B1FB190078EBEF /* Debug */,
				5A2263E014B1FB190078EBEF /* Release */,
			);
			defaultConfigurationIsVisible = 0;
			defaultConfigurationName = Release;
		};
		5A2263E114B1FB190078EBEF /* Build configuration list for PBXNativeTarget "Graf" */ = {
			isa = XCConfigurationList;
			buildConfigurations = (
				5A2263E214B1FB190078EBEF /* Debug */,
				5A2263E314B1FB190078EBEF /* Release */,
			);
			defaultConfigurationIsVisible = 0;
			defaultConfigurationName = Release;
		};
		5A56F0BE14CD480300F7D75B /* Build configuration list for PBXNativeTarget "Tests" */ = {
			isa = XCConfigurationList;
			buildConfigurations = (
				5A56F0BC14CD480300F7D75B /* Debug */,
				5A56F0BD14CD480300F7D75B /* Release */,
			);
			defaultConfigurationIsVisible = 0;
			defaultConfigurationName = Release;
		};
/* End XCConfigurationList section */
	};
	rootObject = 5A2263BA14B1FB190078EBEF /* Project object */;
}
